// !$*UTF8*$!
{
	archiveVersion = 1;
	classes = {
	};
	objectVersion = 56;
	objects = {

/* Begin PBXBuildFile section */
		D1204B942B18AE2C001BEFEB /* Standings.swift in Sources */ = {isa = PBXBuildFile; fileRef = D1204B932B18AE2C001BEFEB /* Standings.swift */; };
		D1204B962B18B29E001BEFEB /* BracketsResketchView.swift in Sources */ = {isa = PBXBuildFile; fileRef = D1204B952B18B29E001BEFEB /* BracketsResketchView.swift */; };
		D1204B982B18E079001BEFEB /* BracketCell.swift in Sources */ = {isa = PBXBuildFile; fileRef = D1204B972B18E079001BEFEB /* BracketCell.swift */; };
		D1204B9A2B18E7EE001BEFEB /* BracketsColumnCell.swift in Sources */ = {isa = PBXBuildFile; fileRef = D1204B992B18E7EE001BEFEB /* BracketsColumnCell.swift */; };
		D122D1352B14C2F70070B927 /* NoUpcomingMatchesView.swift in Sources */ = {isa = PBXBuildFile; fileRef = D122D1342B14C2F70070B927 /* NoUpcomingMatchesView.swift */; };
		D122D1372B1510380070B927 /* MatchDetailResketchView.swift in Sources */ = {isa = PBXBuildFile; fileRef = D122D1362B1510380070B927 /* MatchDetailResketchView.swift */; };
		D122D13B2B1612CD0070B927 /* PlayerViewResketch.swift in Sources */ = {isa = PBXBuildFile; fileRef = D122D13A2B1612CD0070B927 /* PlayerViewResketch.swift */; };
		D122D13D2B1625170070B927 /* Serie.swift in Sources */ = {isa = PBXBuildFile; fileRef = D122D13C2B1625170070B927 /* Serie.swift */; };
		D122D13F2B16252C0070B927 /* Tournament.swift in Sources */ = {isa = PBXBuildFile; fileRef = D122D13E2B16252C0070B927 /* Tournament.swift */; };
		D122D1412B1625B30070B927 /* PandascoreOpponents.swift in Sources */ = {isa = PBXBuildFile; fileRef = D122D1402B1625B30070B927 /* PandascoreOpponents.swift */; };
		D122D1432B163B0F0070B927 /* MatchesListReskatchView.swift in Sources */ = {isa = PBXBuildFile; fileRef = D122D1422B163B0F0070B927 /* MatchesListReskatchView.swift */; };
		D122D1452B163D250070B927 /* MatchListTabBar.swift in Sources */ = {isa = PBXBuildFile; fileRef = D122D1442B163D250070B927 /* MatchListTabBar.swift */; };
		D122D1472B163ED50070B927 /* MatchType.swift in Sources */ = {isa = PBXBuildFile; fileRef = D122D1462B163ED50070B927 /* MatchType.swift */; };
		D122D1492B166F620070B927 /* PlayerEmptyView.swift in Sources */ = {isa = PBXBuildFile; fileRef = D122D1482B166F620070B927 /* PlayerEmptyView.swift */; };
		D122D14B2B176E2B0070B927 /* StandingsResketch.swift in Sources */ = {isa = PBXBuildFile; fileRef = D122D14A2B176E2B0070B927 /* StandingsResketch.swift */; };
		D149C2BA2B0A374500E5F260 /* SerieLoadingCellView.swift in Sources */ = {isa = PBXBuildFile; fileRef = D149C2B92B0A374500E5F260 /* SerieLoadingCellView.swift */; };
		D149C2C12B0A4F2E00E5F260 /* FetchingPlaceholder.swift in Sources */ = {isa = PBXBuildFile; fileRef = D149C2C02B0A4F2E00E5F260 /* FetchingPlaceholder.swift */; };
		D149C2C52B0A804E00E5F260 /* Network.swift in Sources */ = {isa = PBXBuildFile; fileRef = D149C2C42B0A804E00E5F260 /* Network.swift */; };
		D149C2C92B0CCF6400E5F260 /* CustomTabBar.swift in Sources */ = {isa = PBXBuildFile; fileRef = D149C2C82B0CCF6400E5F260 /* CustomTabBar.swift */; };
		D149C2CB2B0D0C4B00E5F260 /* SeriesType.swift in Sources */ = {isa = PBXBuildFile; fileRef = D149C2CA2B0D0C4B00E5F260 /* SeriesType.swift */; };
		D149C2CF2B0D1E3C00E5F260 /* ShakeModifier.swift in Sources */ = {isa = PBXBuildFile; fileRef = D149C2CE2B0D1E3C00E5F260 /* ShakeModifier.swift */; };
		D149C2D52B0D4DFD00E5F260 /* OngoingMatchListViewResketch.swift in Sources */ = {isa = PBXBuildFile; fileRef = D149C2D42B0D4DFD00E5F260 /* OngoingMatchListViewResketch.swift */; };
		D149C2D72B0D4E5D00E5F260 /* MatchCellResketchView.swift in Sources */ = {isa = PBXBuildFile; fileRef = D149C2D62B0D4E5D00E5F260 /* MatchCellResketchView.swift */; };
		D15AC5562B09646C00ABB7AE /* Alamofire in Frameworks */ = {isa = PBXBuildFile; productRef = D15AC5552B09646C00ABB7AE /* Alamofire */; };
		D1971D6E2AFD2BDD00D0D12C /* GoogleService-Info.plist in Resources */ = {isa = PBXBuildFile; fileRef = D1971D6D2AFD2BDD00D0D12C /* GoogleService-Info.plist */; };
		D1971D712AFD2E9C00D0D12C /* FirebaseAnalytics in Frameworks */ = {isa = PBXBuildFile; productRef = D1971D702AFD2E9C00D0D12C /* FirebaseAnalytics */; };
		D1971D732AFD2E9C00D0D12C /* FirebaseAnalyticsOnDeviceConversion in Frameworks */ = {isa = PBXBuildFile; productRef = D1971D722AFD2E9C00D0D12C /* FirebaseAnalyticsOnDeviceConversion */; };
		D1971D752AFD2E9C00D0D12C /* FirebaseAnalyticsSwift in Frameworks */ = {isa = PBXBuildFile; productRef = D1971D742AFD2E9C00D0D12C /* FirebaseAnalyticsSwift */; };
		D1971D772AFD2E9C00D0D12C /* FirebaseAnalyticsWithoutAdIdSupport in Frameworks */ = {isa = PBXBuildFile; productRef = D1971D762AFD2E9C00D0D12C /* FirebaseAnalyticsWithoutAdIdSupport */; };
		D1971D792AFD2E9C00D0D12C /* FirebaseAppCheck in Frameworks */ = {isa = PBXBuildFile; productRef = D1971D782AFD2E9C00D0D12C /* FirebaseAppCheck */; };
		D1971D7B2AFD2E9C00D0D12C /* FirebaseAppDistribution-Beta in Frameworks */ = {isa = PBXBuildFile; productRef = D1971D7A2AFD2E9C00D0D12C /* FirebaseAppDistribution-Beta */; };
		D1971D7D2AFD2E9C00D0D12C /* FirebaseAuth in Frameworks */ = {isa = PBXBuildFile; productRef = D1971D7C2AFD2E9C00D0D12C /* FirebaseAuth */; };
		D1971D7F2AFD2E9C00D0D12C /* FirebaseAuthCombine-Community in Frameworks */ = {isa = PBXBuildFile; productRef = D1971D7E2AFD2E9C00D0D12C /* FirebaseAuthCombine-Community */; };
		D1971D812AFD2E9C00D0D12C /* FirebaseCrashlytics in Frameworks */ = {isa = PBXBuildFile; productRef = D1971D802AFD2E9C00D0D12C /* FirebaseCrashlytics */; };
		D1971D832AFD2E9C00D0D12C /* FirebaseDatabase in Frameworks */ = {isa = PBXBuildFile; productRef = D1971D822AFD2E9C00D0D12C /* FirebaseDatabase */; };
		D1971D852AFD2E9C00D0D12C /* FirebaseDatabaseSwift in Frameworks */ = {isa = PBXBuildFile; productRef = D1971D842AFD2E9C00D0D12C /* FirebaseDatabaseSwift */; };
		D1971D872AFD2E9C00D0D12C /* FirebaseDynamicLinks in Frameworks */ = {isa = PBXBuildFile; productRef = D1971D862AFD2E9C00D0D12C /* FirebaseDynamicLinks */; };
		D1971D892AFD2E9C00D0D12C /* FirebaseFirestore in Frameworks */ = {isa = PBXBuildFile; productRef = D1971D882AFD2E9C00D0D12C /* FirebaseFirestore */; };
		D1971D8B2AFD2E9C00D0D12C /* FirebaseFirestoreCombine-Community in Frameworks */ = {isa = PBXBuildFile; productRef = D1971D8A2AFD2E9C00D0D12C /* FirebaseFirestoreCombine-Community */; };
		D1971D8D2AFD2E9C00D0D12C /* FirebaseFirestoreSwift in Frameworks */ = {isa = PBXBuildFile; productRef = D1971D8C2AFD2E9C00D0D12C /* FirebaseFirestoreSwift */; };
		D1971D8F2AFD2E9C00D0D12C /* FirebaseFunctions in Frameworks */ = {isa = PBXBuildFile; productRef = D1971D8E2AFD2E9C00D0D12C /* FirebaseFunctions */; };
		D1971D912AFD2E9C00D0D12C /* FirebaseFunctionsCombine-Community in Frameworks */ = {isa = PBXBuildFile; productRef = D1971D902AFD2E9C00D0D12C /* FirebaseFunctionsCombine-Community */; };
		D1971D932AFD2E9C00D0D12C /* FirebaseInAppMessaging-Beta in Frameworks */ = {isa = PBXBuildFile; productRef = D1971D922AFD2E9C00D0D12C /* FirebaseInAppMessaging-Beta */; };
		D1971D952AFD2E9C00D0D12C /* FirebaseInAppMessagingSwift-Beta in Frameworks */ = {isa = PBXBuildFile; productRef = D1971D942AFD2E9C00D0D12C /* FirebaseInAppMessagingSwift-Beta */; };
		D1971D972AFD2E9C00D0D12C /* FirebaseInstallations in Frameworks */ = {isa = PBXBuildFile; productRef = D1971D962AFD2E9C00D0D12C /* FirebaseInstallations */; };
		D1971D992AFD2E9C00D0D12C /* FirebaseMLModelDownloader in Frameworks */ = {isa = PBXBuildFile; productRef = D1971D982AFD2E9C00D0D12C /* FirebaseMLModelDownloader */; };
		D1971D9B2AFD2E9C00D0D12C /* FirebaseMessaging in Frameworks */ = {isa = PBXBuildFile; productRef = D1971D9A2AFD2E9C00D0D12C /* FirebaseMessaging */; };
		D1971D9D2AFD2E9C00D0D12C /* FirebasePerformance in Frameworks */ = {isa = PBXBuildFile; productRef = D1971D9C2AFD2E9C00D0D12C /* FirebasePerformance */; };
		D1971D9F2AFD2E9C00D0D12C /* FirebaseRemoteConfig in Frameworks */ = {isa = PBXBuildFile; productRef = D1971D9E2AFD2E9C00D0D12C /* FirebaseRemoteConfig */; };
		D1971DA12AFD2E9C00D0D12C /* FirebaseRemoteConfigSwift in Frameworks */ = {isa = PBXBuildFile; productRef = D1971DA02AFD2E9C00D0D12C /* FirebaseRemoteConfigSwift */; };
		D1971DA32AFD2E9C00D0D12C /* FirebaseStorage in Frameworks */ = {isa = PBXBuildFile; productRef = D1971DA22AFD2E9C00D0D12C /* FirebaseStorage */; };
		D1971DA52AFD2E9C00D0D12C /* FirebaseStorageCombine-Community in Frameworks */ = {isa = PBXBuildFile; productRef = D1971DA42AFD2E9C00D0D12C /* FirebaseStorageCombine-Community */; };
		D1971DA92AFE902500D0D12C /* TestWrite.swift in Sources */ = {isa = PBXBuildFile; fileRef = D1971DA82AFE902500D0D12C /* TestWrite.swift */; };
		D1971DAB2AFEAC5900D0D12C /* FirestoreManager.swift in Sources */ = {isa = PBXBuildFile; fileRef = D1971DAA2AFEAC5900D0D12C /* FirestoreManager.swift */; };
		D1971DAD2AFFAEE400D0D12C /* PandascoreManager.swift in Sources */ = {isa = PBXBuildFile; fileRef = D1971DAC2AFFAEE400D0D12C /* PandascoreManager.swift */; };
		D1CFC7DA2AF7F76E00CEF15B /* MatchCellView.swift in Sources */ = {isa = PBXBuildFile; fileRef = D1CFC7D92AF7F76E00CEF15B /* MatchCellView.swift */; };
		D1CFC7DC2AF7F79300CEF15B /* OngoingMatchListView.swift in Sources */ = {isa = PBXBuildFile; fileRef = D1CFC7DB2AF7F79300CEF15B /* OngoingMatchListView.swift */; };
		D1CFC7DE2AF7FE2900CEF15B /* DetailInfoView.swift in Sources */ = {isa = PBXBuildFile; fileRef = D1CFC7DD2AF7FE2900CEF15B /* DetailInfoView.swift */; };
		D1CFC7E12AF8473200CEF15B /* PartisipantsListView.swift in Sources */ = {isa = PBXBuildFile; fileRef = D1CFC7E02AF8473200CEF15B /* PartisipantsListView.swift */; };
		D1CFC7E52AF8E63F00CEF15B /* StandingsView.swift in Sources */ = {isa = PBXBuildFile; fileRef = D1CFC7E42AF8E63F00CEF15B /* StandingsView.swift */; };
		D1CFC7E92AF9254800CEF15B /* TeamDetailView.swift in Sources */ = {isa = PBXBuildFile; fileRef = D1CFC7E82AF9254800CEF15B /* TeamDetailView.swift */; };
		D1CFC7EC2AF9306100CEF15B /* PlayerCellView.swift in Sources */ = {isa = PBXBuildFile; fileRef = D1CFC7EB2AF9306100CEF15B /* PlayerCellView.swift */; };
		D1CFC7F02AF936EC00CEF15B /* MatchDetailView.swift in Sources */ = {isa = PBXBuildFile; fileRef = D1CFC7EF2AF936EC00CEF15B /* MatchDetailView.swift */; };
		D1CFC7F22AF9577300CEF15B /* MatchesListView.swift in Sources */ = {isa = PBXBuildFile; fileRef = D1CFC7F12AF9577300CEF15B /* MatchesListView.swift */; };
		D1D93D1B2AD47C9F003F1CC7 /* GameFlowApp.swift in Sources */ = {isa = PBXBuildFile; fileRef = D1D93D1A2AD47C9F003F1CC7 /* GameFlowApp.swift */; };
		D1D93D1F2AD47CA0003F1CC7 /* Assets.xcassets in Resources */ = {isa = PBXBuildFile; fileRef = D1D93D1E2AD47CA0003F1CC7 /* Assets.xcassets */; };
		D1D93D222AD47CA0003F1CC7 /* Preview Assets.xcassets in Resources */ = {isa = PBXBuildFile; fileRef = D1D93D212AD47CA0003F1CC7 /* Preview Assets.xcassets */; };
		D1D93D2D2AD48AD4003F1CC7 /* ComposableArchitecture in Frameworks */ = {isa = PBXBuildFile; productRef = D1D93D2C2AD48AD4003F1CC7 /* ComposableArchitecture */; };
		D1D93D3A2AD49C1E003F1CC7 /* APIClient.swift in Sources */ = {isa = PBXBuildFile; fileRef = D1D93D392AD49C1E003F1CC7 /* APIClient.swift */; };
		D1D93D3F2AD551C0003F1CC7 /* API_Key.swift in Sources */ = {isa = PBXBuildFile; fileRef = D1D93D3E2AD551C0003F1CC7 /* API_Key.swift */; };
		D1D93D4A2AD6B1C7003F1CC7 /* PandascoreSerie.swift in Sources */ = {isa = PBXBuildFile; fileRef = D1D93D492AD6B1C7003F1CC7 /* PandascoreSerie.swift */; };
		D1D93D4C2AD6B2DC003F1CC7 /* PandascoreLeague.swift in Sources */ = {isa = PBXBuildFile; fileRef = D1D93D4B2AD6B2DC003F1CC7 /* PandascoreLeague.swift */; };
		D1D93D612AD95675003F1CC7 /* MainView.swift in Sources */ = {isa = PBXBuildFile; fileRef = D1D93D602AD95675003F1CC7 /* MainView.swift */; };
		D1D93D682ADAAA7B003F1CC7 /* Images.swift in Sources */ = {isa = PBXBuildFile; fileRef = D1D93D672ADAAA7B003F1CC7 /* Images.swift */; };
		D1D93D6A2ADACE9A003F1CC7 /* ExtensionString.swift in Sources */ = {isa = PBXBuildFile; fileRef = D1D93D692ADACE9A003F1CC7 /* ExtensionString.swift */; };
		D1D93D782AE4157B003F1CC7 /* ExtensionDate.swift in Sources */ = {isa = PBXBuildFile; fileRef = D1D93D772AE4157B003F1CC7 /* ExtensionDate.swift */; };
		D1D93D7A2AE41FE6003F1CC7 /* PandascoreMatch.swift in Sources */ = {isa = PBXBuildFile; fileRef = D1D93D792AE41FE6003F1CC7 /* PandascoreMatch.swift */; };
		D1D93D7C2AE42058003F1CC7 /* PandascoreTeam.swift in Sources */ = {isa = PBXBuildFile; fileRef = D1D93D7B2AE42058003F1CC7 /* PandascoreTeam.swift */; };
		D1D93DAB2AF1777A003F1CC7 /* SerieCellView.swift in Sources */ = {isa = PBXBuildFile; fileRef = D1D93DAA2AF1777A003F1CC7 /* SerieCellView.swift */; };
		D1D93DB32AF17DE8003F1CC7 /* Gilroy-Medium.ttf in Resources */ = {isa = PBXBuildFile; fileRef = D1D93DAD2AF17DE8003F1CC7 /* Gilroy-Medium.ttf */; };
		D1D93DB42AF17DE8003F1CC7 /* Gilroy-Regular.ttf in Resources */ = {isa = PBXBuildFile; fileRef = D1D93DAE2AF17DE8003F1CC7 /* Gilroy-Regular.ttf */; };
		D1D93DB52AF17DE8003F1CC7 /* Gilroy-SemiBold.ttf in Resources */ = {isa = PBXBuildFile; fileRef = D1D93DAF2AF17DE8003F1CC7 /* Gilroy-SemiBold.ttf */; };
		D1D93DB62AF17DE8003F1CC7 /* Gilroy-Bold.ttf in Resources */ = {isa = PBXBuildFile; fileRef = D1D93DB02AF17DE8003F1CC7 /* Gilroy-Bold.ttf */; };
		D1D93DB72AF17DE8003F1CC7 /* Gilroy-Thin.ttf in Resources */ = {isa = PBXBuildFile; fileRef = D1D93DB12AF17DE8003F1CC7 /* Gilroy-Thin.ttf */; };
		D1D93DB82AF17DE8003F1CC7 /* Gilroy-Light.ttf in Resources */ = {isa = PBXBuildFile; fileRef = D1D93DB22AF17DE8003F1CC7 /* Gilroy-Light.ttf */; };
		D1D93DBB2AF1837B003F1CC7 /* Fonts.swift in Sources */ = {isa = PBXBuildFile; fileRef = D1D93DBA2AF1837B003F1CC7 /* Fonts.swift */; };
		D1D93DBD2AF1898F003F1CC7 /* SeriesListView.swift in Sources */ = {isa = PBXBuildFile; fileRef = D1D93DBC2AF1898F003F1CC7 /* SeriesListView.swift */; };
		D1D93DBF2AF1A1AE003F1CC7 /* SearchField.swift in Sources */ = {isa = PBXBuildFile; fileRef = D1D93DBE2AF1A1AE003F1CC7 /* SearchField.swift */; };
		D1D93DC12AF2C0AF003F1CC7 /* TabBarView.swift in Sources */ = {isa = PBXBuildFile; fileRef = D1D93DC02AF2C0AF003F1CC7 /* TabBarView.swift */; };
		D1D93DC32AF2C473003F1CC7 /* OffsetReader.swift in Sources */ = {isa = PBXBuildFile; fileRef = D1D93DC22AF2C473003F1CC7 /* OffsetReader.swift */; };
		D1D93DC52AF43A03003F1CC7 /* AnimationEndCallBack.swift in Sources */ = {isa = PBXBuildFile; fileRef = D1D93DC42AF43A03003F1CC7 /* AnimationEndCallBack.swift */; };
		D1DC4CB52B0663060044BE04 /* LiqupediaSerie.swift in Sources */ = {isa = PBXBuildFile; fileRef = D1DC4CB42B0663060044BE04 /* LiqupediaSerie.swift */; };
		D1DFEF4C2B038F9A00A71C4F /* SeriesListViewResketch.swift in Sources */ = {isa = PBXBuildFile; fileRef = D1DFEF4B2B038F9A00A71C4F /* SeriesListViewResketch.swift */; };
		D1DFEF4E2B03906100A71C4F /* SerieCellResketch.swift in Sources */ = {isa = PBXBuildFile; fileRef = D1DFEF4D2B03906100A71C4F /* SerieCellResketch.swift */; };
		D1DFEF512B03BBC900A71C4F /* DetailInfoResketchView.swift in Sources */ = {isa = PBXBuildFile; fileRef = D1DFEF502B03BBC900A71C4F /* DetailInfoResketchView.swift */; };
		D1DFEF532B03C20000A71C4F /* PartisipantsResketchView.swift in Sources */ = {isa = PBXBuildFile; fileRef = D1DFEF522B03C20000A71C4F /* PartisipantsResketchView.swift */; };
		D1DFEF552B03E7F900A71C4F /* TeamDetailResketchView.swift in Sources */ = {isa = PBXBuildFile; fileRef = D1DFEF542B03E7F900A71C4F /* TeamDetailResketchView.swift */; };
		D1DFEF5A2B0509EC00A71C4F /* SwiftSoup in Frameworks */ = {isa = PBXBuildFile; productRef = D1DFEF592B0509EC00A71C4F /* SwiftSoup */; };
		D1DFEF5C2B050A7E00A71C4F /* WebScrapingManager.swift in Sources */ = {isa = PBXBuildFile; fileRef = D1DFEF5B2B050A7E00A71C4F /* WebScrapingManager.swift */; };
		D1F1E1312B012B740022C410 /* PandascoreTournament.swift in Sources */ = {isa = PBXBuildFile; fileRef = D1F1E1302B012B740022C410 /* PandascoreTournament.swift */; };
		D1F1E1352B014E830022C410 /* PandascoreBrackets.swift in Sources */ = {isa = PBXBuildFile; fileRef = D1F1E1342B014E830022C410 /* PandascoreBrackets.swift */; };
		D1F1E1372B014E8C0022C410 /* PandascoreStandings.swift in Sources */ = {isa = PBXBuildFile; fileRef = D1F1E1362B014E8C0022C410 /* PandascoreStandings.swift */; };
		D1F1E1392B02BD040022C410 /* MainResketch.swift in Sources */ = {isa = PBXBuildFile; fileRef = D1F1E1382B02BD040022C410 /* MainResketch.swift */; };
/* End PBXBuildFile section */

/* Begin PBXFileReference section */
		D1204B932B18AE2C001BEFEB /* Standings.swift */ = {isa = PBXFileReference; lastKnownFileType = sourcecode.swift; path = Standings.swift; sourceTree = "<group>"; };
		D1204B952B18B29E001BEFEB /* BracketsResketchView.swift */ = {isa = PBXFileReference; lastKnownFileType = sourcecode.swift; path = BracketsResketchView.swift; sourceTree = "<group>"; };
		D1204B972B18E079001BEFEB /* BracketCell.swift */ = {isa = PBXFileReference; lastKnownFileType = sourcecode.swift; path = BracketCell.swift; sourceTree = "<group>"; };
		D1204B992B18E7EE001BEFEB /* BracketsColumnCell.swift */ = {isa = PBXFileReference; lastKnownFileType = sourcecode.swift; path = BracketsColumnCell.swift; sourceTree = "<group>"; };
		D122D1342B14C2F70070B927 /* NoUpcomingMatchesView.swift */ = {isa = PBXFileReference; lastKnownFileType = sourcecode.swift; path = NoUpcomingMatchesView.swift; sourceTree = "<group>"; };
		D122D1362B1510380070B927 /* MatchDetailResketchView.swift */ = {isa = PBXFileReference; lastKnownFileType = sourcecode.swift; path = MatchDetailResketchView.swift; sourceTree = "<group>"; };
		D122D13A2B1612CD0070B927 /* PlayerViewResketch.swift */ = {isa = PBXFileReference; lastKnownFileType = sourcecode.swift; path = PlayerViewResketch.swift; sourceTree = "<group>"; };
		D122D13C2B1625170070B927 /* Serie.swift */ = {isa = PBXFileReference; lastKnownFileType = sourcecode.swift; path = Serie.swift; sourceTree = "<group>"; };
		D122D13E2B16252C0070B927 /* Tournament.swift */ = {isa = PBXFileReference; lastKnownFileType = sourcecode.swift; path = Tournament.swift; sourceTree = "<group>"; };
		D122D1402B1625B30070B927 /* PandascoreOpponents.swift */ = {isa = PBXFileReference; lastKnownFileType = sourcecode.swift; path = PandascoreOpponents.swift; sourceTree = "<group>"; };
		D122D1422B163B0F0070B927 /* MatchesListReskatchView.swift */ = {isa = PBXFileReference; lastKnownFileType = sourcecode.swift; path = MatchesListReskatchView.swift; sourceTree = "<group>"; };
		D122D1442B163D250070B927 /* MatchListTabBar.swift */ = {isa = PBXFileReference; lastKnownFileType = sourcecode.swift; path = MatchListTabBar.swift; sourceTree = "<group>"; };
		D122D1462B163ED50070B927 /* MatchType.swift */ = {isa = PBXFileReference; lastKnownFileType = sourcecode.swift; path = MatchType.swift; sourceTree = "<group>"; };
		D122D1482B166F620070B927 /* PlayerEmptyView.swift */ = {isa = PBXFileReference; lastKnownFileType = sourcecode.swift; path = PlayerEmptyView.swift; sourceTree = "<group>"; };
		D122D14A2B176E2B0070B927 /* StandingsResketch.swift */ = {isa = PBXFileReference; lastKnownFileType = sourcecode.swift; path = StandingsResketch.swift; sourceTree = "<group>"; };
		D149C2B92B0A374500E5F260 /* SerieLoadingCellView.swift */ = {isa = PBXFileReference; lastKnownFileType = sourcecode.swift; path = SerieLoadingCellView.swift; sourceTree = "<group>"; };
		D149C2C02B0A4F2E00E5F260 /* FetchingPlaceholder.swift */ = {isa = PBXFileReference; lastKnownFileType = sourcecode.swift; path = FetchingPlaceholder.swift; sourceTree = "<group>"; };
		D149C2C42B0A804E00E5F260 /* Network.swift */ = {isa = PBXFileReference; lastKnownFileType = sourcecode.swift; path = Network.swift; sourceTree = "<group>"; };
		D149C2C82B0CCF6400E5F260 /* CustomTabBar.swift */ = {isa = PBXFileReference; lastKnownFileType = sourcecode.swift; path = CustomTabBar.swift; sourceTree = "<group>"; };
		D149C2CA2B0D0C4B00E5F260 /* SeriesType.swift */ = {isa = PBXFileReference; lastKnownFileType = sourcecode.swift; path = SeriesType.swift; sourceTree = "<group>"; };
		D149C2CE2B0D1E3C00E5F260 /* ShakeModifier.swift */ = {isa = PBXFileReference; lastKnownFileType = sourcecode.swift; path = ShakeModifier.swift; sourceTree = "<group>"; };
		D149C2D42B0D4DFD00E5F260 /* OngoingMatchListViewResketch.swift */ = {isa = PBXFileReference; lastKnownFileType = sourcecode.swift; path = OngoingMatchListViewResketch.swift; sourceTree = "<group>"; };
		D149C2D62B0D4E5D00E5F260 /* MatchCellResketchView.swift */ = {isa = PBXFileReference; lastKnownFileType = sourcecode.swift; path = MatchCellResketchView.swift; sourceTree = "<group>"; };
		D1971D6D2AFD2BDD00D0D12C /* GoogleService-Info.plist */ = {isa = PBXFileReference; fileEncoding = 4; lastKnownFileType = text.plist.xml; path = "GoogleService-Info.plist"; sourceTree = "<group>"; };
		D1971DA82AFE902500D0D12C /* TestWrite.swift */ = {isa = PBXFileReference; lastKnownFileType = sourcecode.swift; path = TestWrite.swift; sourceTree = "<group>"; };
		D1971DAA2AFEAC5900D0D12C /* FirestoreManager.swift */ = {isa = PBXFileReference; lastKnownFileType = sourcecode.swift; path = FirestoreManager.swift; sourceTree = "<group>"; };
		D1971DAC2AFFAEE400D0D12C /* PandascoreManager.swift */ = {isa = PBXFileReference; lastKnownFileType = sourcecode.swift; path = PandascoreManager.swift; sourceTree = "<group>"; };
		D1CFC7D92AF7F76E00CEF15B /* MatchCellView.swift */ = {isa = PBXFileReference; lastKnownFileType = sourcecode.swift; path = MatchCellView.swift; sourceTree = "<group>"; };
		D1CFC7DB2AF7F79300CEF15B /* OngoingMatchListView.swift */ = {isa = PBXFileReference; lastKnownFileType = sourcecode.swift; path = OngoingMatchListView.swift; sourceTree = "<group>"; };
		D1CFC7DD2AF7FE2900CEF15B /* DetailInfoView.swift */ = {isa = PBXFileReference; lastKnownFileType = sourcecode.swift; path = DetailInfoView.swift; sourceTree = "<group>"; };
		D1CFC7E02AF8473200CEF15B /* PartisipantsListView.swift */ = {isa = PBXFileReference; lastKnownFileType = sourcecode.swift; path = PartisipantsListView.swift; sourceTree = "<group>"; };
		D1CFC7E42AF8E63F00CEF15B /* StandingsView.swift */ = {isa = PBXFileReference; lastKnownFileType = sourcecode.swift; path = StandingsView.swift; sourceTree = "<group>"; };
		D1CFC7E82AF9254800CEF15B /* TeamDetailView.swift */ = {isa = PBXFileReference; lastKnownFileType = sourcecode.swift; path = TeamDetailView.swift; sourceTree = "<group>"; };
		D1CFC7EB2AF9306100CEF15B /* PlayerCellView.swift */ = {isa = PBXFileReference; lastKnownFileType = sourcecode.swift; path = PlayerCellView.swift; sourceTree = "<group>"; };
		D1CFC7EF2AF936EC00CEF15B /* MatchDetailView.swift */ = {isa = PBXFileReference; lastKnownFileType = sourcecode.swift; path = MatchDetailView.swift; sourceTree = "<group>"; };
		D1CFC7F12AF9577300CEF15B /* MatchesListView.swift */ = {isa = PBXFileReference; lastKnownFileType = sourcecode.swift; path = MatchesListView.swift; sourceTree = "<group>"; };
		D1D93D172AD47C9F003F1CC7 /* GameFlow.app */ = {isa = PBXFileReference; explicitFileType = wrapper.application; includeInIndex = 0; path = GameFlow.app; sourceTree = BUILT_PRODUCTS_DIR; };
		D1D93D1A2AD47C9F003F1CC7 /* GameFlowApp.swift */ = {isa = PBXFileReference; lastKnownFileType = sourcecode.swift; path = GameFlowApp.swift; sourceTree = "<group>"; };
		D1D93D1E2AD47CA0003F1CC7 /* Assets.xcassets */ = {isa = PBXFileReference; lastKnownFileType = folder.assetcatalog; path = Assets.xcassets; sourceTree = "<group>"; };
		D1D93D212AD47CA0003F1CC7 /* Preview Assets.xcassets */ = {isa = PBXFileReference; lastKnownFileType = folder.assetcatalog; path = "Preview Assets.xcassets"; sourceTree = "<group>"; };
		D1D93D392AD49C1E003F1CC7 /* APIClient.swift */ = {isa = PBXFileReference; lastKnownFileType = sourcecode.swift; path = APIClient.swift; sourceTree = "<group>"; };
		D1D93D3E2AD551C0003F1CC7 /* API_Key.swift */ = {isa = PBXFileReference; lastKnownFileType = sourcecode.swift; path = API_Key.swift; sourceTree = "<group>"; };
		D1D93D492AD6B1C7003F1CC7 /* PandascoreSerie.swift */ = {isa = PBXFileReference; lastKnownFileType = sourcecode.swift; path = PandascoreSerie.swift; sourceTree = "<group>"; };
		D1D93D4B2AD6B2DC003F1CC7 /* PandascoreLeague.swift */ = {isa = PBXFileReference; lastKnownFileType = sourcecode.swift; path = PandascoreLeague.swift; sourceTree = "<group>"; };
		D1D93D602AD95675003F1CC7 /* MainView.swift */ = {isa = PBXFileReference; lastKnownFileType = sourcecode.swift; path = MainView.swift; sourceTree = "<group>"; };
		D1D93D672ADAAA7B003F1CC7 /* Images.swift */ = {isa = PBXFileReference; lastKnownFileType = sourcecode.swift; path = Images.swift; sourceTree = "<group>"; };
		D1D93D692ADACE9A003F1CC7 /* ExtensionString.swift */ = {isa = PBXFileReference; lastKnownFileType = sourcecode.swift; path = ExtensionString.swift; sourceTree = "<group>"; };
		D1D93D772AE4157B003F1CC7 /* ExtensionDate.swift */ = {isa = PBXFileReference; lastKnownFileType = sourcecode.swift; path = ExtensionDate.swift; sourceTree = "<group>"; };
		D1D93D792AE41FE6003F1CC7 /* PandascoreMatch.swift */ = {isa = PBXFileReference; lastKnownFileType = sourcecode.swift; path = PandascoreMatch.swift; sourceTree = "<group>"; };
		D1D93D7B2AE42058003F1CC7 /* PandascoreTeam.swift */ = {isa = PBXFileReference; lastKnownFileType = sourcecode.swift; path = PandascoreTeam.swift; sourceTree = "<group>"; };
		D1D93DAA2AF1777A003F1CC7 /* SerieCellView.swift */ = {isa = PBXFileReference; lastKnownFileType = sourcecode.swift; path = SerieCellView.swift; sourceTree = "<group>"; };
		D1D93DAD2AF17DE8003F1CC7 /* Gilroy-Medium.ttf */ = {isa = PBXFileReference; lastKnownFileType = file; path = "Gilroy-Medium.ttf"; sourceTree = "<group>"; };
		D1D93DAE2AF17DE8003F1CC7 /* Gilroy-Regular.ttf */ = {isa = PBXFileReference; lastKnownFileType = file; path = "Gilroy-Regular.ttf"; sourceTree = "<group>"; };
		D1D93DAF2AF17DE8003F1CC7 /* Gilroy-SemiBold.ttf */ = {isa = PBXFileReference; lastKnownFileType = file; path = "Gilroy-SemiBold.ttf"; sourceTree = "<group>"; };
		D1D93DB02AF17DE8003F1CC7 /* Gilroy-Bold.ttf */ = {isa = PBXFileReference; lastKnownFileType = file; path = "Gilroy-Bold.ttf"; sourceTree = "<group>"; };
		D1D93DB12AF17DE8003F1CC7 /* Gilroy-Thin.ttf */ = {isa = PBXFileReference; lastKnownFileType = file; path = "Gilroy-Thin.ttf"; sourceTree = "<group>"; };
		D1D93DB22AF17DE8003F1CC7 /* Gilroy-Light.ttf */ = {isa = PBXFileReference; lastKnownFileType = file; path = "Gilroy-Light.ttf"; sourceTree = "<group>"; };
		D1D93DB92AF17E00003F1CC7 /* Info.plist */ = {isa = PBXFileReference; lastKnownFileType = text.plist.xml; path = Info.plist; sourceTree = "<group>"; };
		D1D93DBA2AF1837B003F1CC7 /* Fonts.swift */ = {isa = PBXFileReference; lastKnownFileType = sourcecode.swift; path = Fonts.swift; sourceTree = "<group>"; };
		D1D93DBC2AF1898F003F1CC7 /* SeriesListView.swift */ = {isa = PBXFileReference; lastKnownFileType = sourcecode.swift; path = SeriesListView.swift; sourceTree = "<group>"; };
		D1D93DBE2AF1A1AE003F1CC7 /* SearchField.swift */ = {isa = PBXFileReference; lastKnownFileType = sourcecode.swift; path = SearchField.swift; sourceTree = "<group>"; };
		D1D93DC02AF2C0AF003F1CC7 /* TabBarView.swift */ = {isa = PBXFileReference; lastKnownFileType = sourcecode.swift; path = TabBarView.swift; sourceTree = "<group>"; };
		D1D93DC22AF2C473003F1CC7 /* OffsetReader.swift */ = {isa = PBXFileReference; lastKnownFileType = sourcecode.swift; path = OffsetReader.swift; sourceTree = "<group>"; };
		D1D93DC42AF43A03003F1CC7 /* AnimationEndCallBack.swift */ = {isa = PBXFileReference; lastKnownFileType = sourcecode.swift; path = AnimationEndCallBack.swift; sourceTree = "<group>"; };
		D1DC4CB42B0663060044BE04 /* LiqupediaSerie.swift */ = {isa = PBXFileReference; lastKnownFileType = sourcecode.swift; path = LiqupediaSerie.swift; sourceTree = "<group>"; };
		D1DFEF4B2B038F9A00A71C4F /* SeriesListViewResketch.swift */ = {isa = PBXFileReference; lastKnownFileType = sourcecode.swift; path = SeriesListViewResketch.swift; sourceTree = "<group>"; };
		D1DFEF4D2B03906100A71C4F /* SerieCellResketch.swift */ = {isa = PBXFileReference; lastKnownFileType = sourcecode.swift; path = SerieCellResketch.swift; sourceTree = "<group>"; };
		D1DFEF502B03BBC900A71C4F /* DetailInfoResketchView.swift */ = {isa = PBXFileReference; lastKnownFileType = sourcecode.swift; path = DetailInfoResketchView.swift; sourceTree = "<group>"; };
		D1DFEF522B03C20000A71C4F /* PartisipantsResketchView.swift */ = {isa = PBXFileReference; lastKnownFileType = sourcecode.swift; path = PartisipantsResketchView.swift; sourceTree = "<group>"; };
		D1DFEF542B03E7F900A71C4F /* TeamDetailResketchView.swift */ = {isa = PBXFileReference; lastKnownFileType = sourcecode.swift; path = TeamDetailResketchView.swift; sourceTree = "<group>"; };
		D1DFEF5B2B050A7E00A71C4F /* WebScrapingManager.swift */ = {isa = PBXFileReference; lastKnownFileType = sourcecode.swift; path = WebScrapingManager.swift; sourceTree = "<group>"; };
		D1F1E1302B012B740022C410 /* PandascoreTournament.swift */ = {isa = PBXFileReference; lastKnownFileType = sourcecode.swift; path = PandascoreTournament.swift; sourceTree = "<group>"; };
		D1F1E1342B014E830022C410 /* PandascoreBrackets.swift */ = {isa = PBXFileReference; lastKnownFileType = sourcecode.swift; path = PandascoreBrackets.swift; sourceTree = "<group>"; };
		D1F1E1362B014E8C0022C410 /* PandascoreStandings.swift */ = {isa = PBXFileReference; lastKnownFileType = sourcecode.swift; path = PandascoreStandings.swift; sourceTree = "<group>"; };
		D1F1E1382B02BD040022C410 /* MainResketch.swift */ = {isa = PBXFileReference; lastKnownFileType = sourcecode.swift; path = MainResketch.swift; sourceTree = "<group>"; };
/* End PBXFileReference section */

/* Begin PBXFrameworksBuildPhase section */
		D1D93D142AD47C9F003F1CC7 /* Frameworks */ = {
			isa = PBXFrameworksBuildPhase;
			buildActionMask = 2147483647;
			files = (
				D1971D9B2AFD2E9C00D0D12C /* FirebaseMessaging in Frameworks */,
				D1D93D2D2AD48AD4003F1CC7 /* ComposableArchitecture in Frameworks */,
				D1971D8D2AFD2E9C00D0D12C /* FirebaseFirestoreSwift in Frameworks */,
				D1971D772AFD2E9C00D0D12C /* FirebaseAnalyticsWithoutAdIdSupport in Frameworks */,
				D1971D8F2AFD2E9C00D0D12C /* FirebaseFunctions in Frameworks */,
				D1971D712AFD2E9C00D0D12C /* FirebaseAnalytics in Frameworks */,
				D1971D7D2AFD2E9C00D0D12C /* FirebaseAuth in Frameworks */,
				D1971D872AFD2E9C00D0D12C /* FirebaseDynamicLinks in Frameworks */,
				D1971D812AFD2E9C00D0D12C /* FirebaseCrashlytics in Frameworks */,
				D1971D992AFD2E9C00D0D12C /* FirebaseMLModelDownloader in Frameworks */,
				D1971D852AFD2E9C00D0D12C /* FirebaseDatabaseSwift in Frameworks */,
				D1971D892AFD2E9C00D0D12C /* FirebaseFirestore in Frameworks */,
				D1971D972AFD2E9C00D0D12C /* FirebaseInstallations in Frameworks */,
				D1971D912AFD2E9C00D0D12C /* FirebaseFunctionsCombine-Community in Frameworks */,
				D1971D8B2AFD2E9C00D0D12C /* FirebaseFirestoreCombine-Community in Frameworks */,
				D15AC5562B09646C00ABB7AE /* Alamofire in Frameworks */,
				D1971D832AFD2E9C00D0D12C /* FirebaseDatabase in Frameworks */,
				D1971D9D2AFD2E9C00D0D12C /* FirebasePerformance in Frameworks */,
				D1971D792AFD2E9C00D0D12C /* FirebaseAppCheck in Frameworks */,
				D1971D732AFD2E9C00D0D12C /* FirebaseAnalyticsOnDeviceConversion in Frameworks */,
				D1971D952AFD2E9C00D0D12C /* FirebaseInAppMessagingSwift-Beta in Frameworks */,
				D1971DA12AFD2E9C00D0D12C /* FirebaseRemoteConfigSwift in Frameworks */,
				D1971D752AFD2E9C00D0D12C /* FirebaseAnalyticsSwift in Frameworks */,
				D1971D7B2AFD2E9C00D0D12C /* FirebaseAppDistribution-Beta in Frameworks */,
				D1971D9F2AFD2E9C00D0D12C /* FirebaseRemoteConfig in Frameworks */,
				D1971DA32AFD2E9C00D0D12C /* FirebaseStorage in Frameworks */,
				D1971D7F2AFD2E9C00D0D12C /* FirebaseAuthCombine-Community in Frameworks */,
				D1971DA52AFD2E9C00D0D12C /* FirebaseStorageCombine-Community in Frameworks */,
				D1971D932AFD2E9C00D0D12C /* FirebaseInAppMessaging-Beta in Frameworks */,
				D1DFEF5A2B0509EC00A71C4F /* SwiftSoup in Frameworks */,
			);
			runOnlyForDeploymentPostprocessing = 0;
		};
/* End PBXFrameworksBuildPhase section */

/* Begin PBXGroup section */
		D149C2B62B0A206A00E5F260 /* Pandascore */ = {
			isa = PBXGroup;
			children = (
				D1F1E1302B012B740022C410 /* PandascoreTournament.swift */,
				D1D93D492AD6B1C7003F1CC7 /* PandascoreSerie.swift */,
				D1D93D4B2AD6B2DC003F1CC7 /* PandascoreLeague.swift */,
				D1D93D792AE41FE6003F1CC7 /* PandascoreMatch.swift */,
				D1D93D7B2AE42058003F1CC7 /* PandascoreTeam.swift */,
				D1F1E1342B014E830022C410 /* PandascoreBrackets.swift */,
				D1F1E1362B014E8C0022C410 /* PandascoreStandings.swift */,
				D122D1402B1625B30070B927 /* PandascoreOpponents.swift */,
			);
			path = Pandascore;
			sourceTree = "<group>";
		};
		D149C2B72B0A207000E5F260 /* Liquipedia */ = {
			isa = PBXGroup;
			children = (
				D1DC4CB42B0663060044BE04 /* LiqupediaSerie.swift */,
			);
			path = Liquipedia;
			sourceTree = "<group>";
		};
		D149C2B82B0A207A00E5F260 /* Firestore&UserUsage */ = {
			isa = PBXGroup;
			children = (
				D122D1462B163ED50070B927 /* MatchType.swift */,
				D149C2CA2B0D0C4B00E5F260 /* SeriesType.swift */,
				D1D93D672ADAAA7B003F1CC7 /* Images.swift */,
				D122D13C2B1625170070B927 /* Serie.swift */,
				D122D13E2B16252C0070B927 /* Tournament.swift */,
				D1204B932B18AE2C001BEFEB /* Standings.swift */,
			);
			path = "Firestore&UserUsage";
			sourceTree = "<group>";
		};
		D149C2C32B0A803F00E5F260 /* Network */ = {
			isa = PBXGroup;
			children = (
				D149C2C42B0A804E00E5F260 /* Network.swift */,
			);
			path = Network;
			sourceTree = "<group>";
		};
		D1CFC7D82AF7F75B00CEF15B /* Matches */ = {
			isa = PBXGroup;
			children = (
				D1CFC7D92AF7F76E00CEF15B /* MatchCellView.swift */,
				D1CFC7F12AF9577300CEF15B /* MatchesListView.swift */,
				D1CFC7DB2AF7F79300CEF15B /* OngoingMatchListView.swift */,
			);
			path = Matches;
			sourceTree = "<group>";
		};
		D1CFC7DF2AF846CA00CEF15B /* Partisipants */ = {
			isa = PBXGroup;
			children = (
				D1CFC7E02AF8473200CEF15B /* PartisipantsListView.swift */,
			);
			path = Partisipants;
			sourceTree = "<group>";
		};
		D1CFC7E22AF8E62100CEF15B /* Standings */ = {
			isa = PBXGroup;
			children = (
				D1CFC7E42AF8E63F00CEF15B /* StandingsView.swift */,
			);
			path = Standings;
			sourceTree = "<group>";
		};
		D1CFC7E32AF8E63300CEF15B /* Brackets */ = {
			isa = PBXGroup;
			children = (
			);
			path = Brackets;
			sourceTree = "<group>";
		};
		D1CFC7E62AF9252A00CEF15B /* MatchDetailView */ = {
			isa = PBXGroup;
			children = (
				D1CFC7EF2AF936EC00CEF15B /* MatchDetailView.swift */,
			);
			path = MatchDetailView;
			sourceTree = "<group>";
		};
		D1CFC7E72AF9253300CEF15B /* TeamDetailView */ = {
			isa = PBXGroup;
			children = (
				D1CFC7E82AF9254800CEF15B /* TeamDetailView.swift */,
				D1CFC7EB2AF9306100CEF15B /* PlayerCellView.swift */,
			);
			path = TeamDetailView;
			sourceTree = "<group>";
		};
		D1D93D0E2AD47C9F003F1CC7 = {
			isa = PBXGroup;
			children = (
				D1D93D192AD47C9F003F1CC7 /* GameFlow */,
				D1D93D182AD47C9F003F1CC7 /* Products */,
			);
			sourceTree = "<group>";
		};
		D1D93D182AD47C9F003F1CC7 /* Products */ = {
			isa = PBXGroup;
			children = (
				D1D93D172AD47C9F003F1CC7 /* GameFlow.app */,
			);
			name = Products;
			sourceTree = "<group>";
		};
		D1D93D192AD47C9F003F1CC7 /* GameFlow */ = {
			isa = PBXGroup;
			children = (
				D1971D6D2AFD2BDD00D0D12C /* GoogleService-Info.plist */,
				D1D93DB92AF17E00003F1CC7 /* Info.plist */,
				D149C2C32B0A803F00E5F260 /* Network */,
				D1D93D382AD499D2003F1CC7 /* ApiClient&Managers */,
				D1D93D622AD9AFFC003F1CC7 /* Helpers */,
				D1D93DAC2AF17DD2003F1CC7 /* Fonts */,
				D1D93D402AD5636D003F1CC7 /* Modules */,
				D1D93D302AD48CB3003F1CC7 /* Model */,
				D1D93D1A2AD47C9F003F1CC7 /* GameFlowApp.swift */,
				D1971DA82AFE902500D0D12C /* TestWrite.swift */,
				D1D93D1E2AD47CA0003F1CC7 /* Assets.xcassets */,
				D1D93D202AD47CA0003F1CC7 /* Preview Content */,
			);
			path = GameFlow;
			sourceTree = "<group>";
		};
		D1D93D202AD47CA0003F1CC7 /* Preview Content */ = {
			isa = PBXGroup;
			children = (
				D1D93D212AD47CA0003F1CC7 /* Preview Assets.xcassets */,
			);
			path = "Preview Content";
			sourceTree = "<group>";
		};
		D1D93D302AD48CB3003F1CC7 /* Model */ = {
			isa = PBXGroup;
			children = (
				D149C2B82B0A207A00E5F260 /* Firestore&UserUsage */,
				D149C2B72B0A207000E5F260 /* Liquipedia */,
				D149C2B62B0A206A00E5F260 /* Pandascore */,
			);
			path = Model;
			sourceTree = "<group>";
		};
		D1D93D382AD499D2003F1CC7 /* ApiClient&Managers */ = {
			isa = PBXGroup;
			children = (
				D1D93D3E2AD551C0003F1CC7 /* API_Key.swift */,
				D1D93D392AD49C1E003F1CC7 /* APIClient.swift */,
				D1971DAA2AFEAC5900D0D12C /* FirestoreManager.swift */,
				D1971DAC2AFFAEE400D0D12C /* PandascoreManager.swift */,
				D1DFEF5B2B050A7E00A71C4F /* WebScrapingManager.swift */,
			);
			path = "ApiClient&Managers";
			sourceTree = "<group>";
		};
		D1D93D402AD5636D003F1CC7 /* Modules */ = {
			isa = PBXGroup;
			children = (
				D1CFC7E72AF9253300CEF15B /* TeamDetailView */,
				D1CFC7DF2AF846CA00CEF15B /* Partisipants */,
				D1CFC7E32AF8E63300CEF15B /* Brackets */,
				D1CFC7E22AF8E62100CEF15B /* Standings */,
				D1CFC7E62AF9252A00CEF15B /* MatchDetailView */,
				D1CFC7D82AF7F75B00CEF15B /* Matches */,
				D1D93D6B2ADB0948003F1CC7 /* DetailInfo */,
				D1D93DA92AF17766003F1CC7 /* Series */,
				D1D93D5F2AD95662003F1CC7 /* Main */,
			);
			path = Modules;
			sourceTree = "<group>";
		};
		D1D93D5F2AD95662003F1CC7 /* Main */ = {
			isa = PBXGroup;
			children = (
				D1DFEF4F2B03906800A71C4F /* Resketch */,
				D1D93D602AD95675003F1CC7 /* MainView.swift */,
				D1D93DBE2AF1A1AE003F1CC7 /* SearchField.swift */,
				D1D93DC02AF2C0AF003F1CC7 /* TabBarView.swift */,
			);
			path = Main;
			sourceTree = "<group>";
		};
		D1D93D622AD9AFFC003F1CC7 /* Helpers */ = {
			isa = PBXGroup;
			children = (
				D1D93D772AE4157B003F1CC7 /* ExtensionDate.swift */,
				D1D93D692ADACE9A003F1CC7 /* ExtensionString.swift */,
				D1D93DC22AF2C473003F1CC7 /* OffsetReader.swift */,
				D1D93DC42AF43A03003F1CC7 /* AnimationEndCallBack.swift */,
				D149C2C02B0A4F2E00E5F260 /* FetchingPlaceholder.swift */,
				D149C2CE2B0D1E3C00E5F260 /* ShakeModifier.swift */,
			);
			path = Helpers;
			sourceTree = "<group>";
		};
		D1D93D6B2ADB0948003F1CC7 /* DetailInfo */ = {
			isa = PBXGroup;
			children = (
				D1CFC7DD2AF7FE2900CEF15B /* DetailInfoView.swift */,
			);
			path = DetailInfo;
			sourceTree = "<group>";
		};
		D1D93DA92AF17766003F1CC7 /* Series */ = {
			isa = PBXGroup;
			children = (
				D1D93DAA2AF1777A003F1CC7 /* SerieCellView.swift */,
				D1D93DBC2AF1898F003F1CC7 /* SeriesListView.swift */,
				D149C2B92B0A374500E5F260 /* SerieLoadingCellView.swift */,
			);
			path = Series;
			sourceTree = "<group>";
		};
		D1D93DAC2AF17DD2003F1CC7 /* Fonts */ = {
			isa = PBXGroup;
			children = (
				D1D93DB02AF17DE8003F1CC7 /* Gilroy-Bold.ttf */,
				D1D93DB22AF17DE8003F1CC7 /* Gilroy-Light.ttf */,
				D1D93DAD2AF17DE8003F1CC7 /* Gilroy-Medium.ttf */,
				D1D93DAE2AF17DE8003F1CC7 /* Gilroy-Regular.ttf */,
				D1D93DAF2AF17DE8003F1CC7 /* Gilroy-SemiBold.ttf */,
				D1D93DB12AF17DE8003F1CC7 /* Gilroy-Thin.ttf */,
				D1D93DBA2AF1837B003F1CC7 /* Fonts.swift */,
			);
			path = Fonts;
			sourceTree = "<group>";
		};
		D1DFEF4F2B03906800A71C4F /* Resketch */ = {
			isa = PBXGroup;
			children = (
				D122D14A2B176E2B0070B927 /* StandingsResketch.swift */,
				D122D1362B1510380070B927 /* MatchDetailResketchView.swift */,
				D122D1482B166F620070B927 /* PlayerEmptyView.swift */,
				D122D13A2B1612CD0070B927 /* PlayerViewResketch.swift */,
				D1F1E1382B02BD040022C410 /* MainResketch.swift */,
				D1DFEF4B2B038F9A00A71C4F /* SeriesListViewResketch.swift */,
				D1DFEF4D2B03906100A71C4F /* SerieCellResketch.swift */,
				D1DFEF502B03BBC900A71C4F /* DetailInfoResketchView.swift */,
				D1DFEF522B03C20000A71C4F /* PartisipantsResketchView.swift */,
				D1DFEF542B03E7F900A71C4F /* TeamDetailResketchView.swift */,
				D149C2C82B0CCF6400E5F260 /* CustomTabBar.swift */,
				D122D1442B163D250070B927 /* MatchListTabBar.swift */,
				D149C2D42B0D4DFD00E5F260 /* OngoingMatchListViewResketch.swift */,
				D149C2D62B0D4E5D00E5F260 /* MatchCellResketchView.swift */,
				D122D1342B14C2F70070B927 /* NoUpcomingMatchesView.swift */,
				D122D1422B163B0F0070B927 /* MatchesListReskatchView.swift */,
				D1204B992B18E7EE001BEFEB /* BracketsColumnCell.swift */,
				D1204B952B18B29E001BEFEB /* BracketsResketchView.swift */,
				D1204B972B18E079001BEFEB /* BracketCell.swift */,
			);
			path = Resketch;
			sourceTree = "<group>";
		};
/* End PBXGroup section */

/* Begin PBXNativeTarget section */
		D1D93D162AD47C9F003F1CC7 /* GameFlow */ = {
			isa = PBXNativeTarget;
			buildConfigurationList = D1D93D252AD47CA0003F1CC7 /* Build configuration list for PBXNativeTarget "GameFlow" */;
			buildPhases = (
				D1D93D132AD47C9F003F1CC7 /* Sources */,
				D1D93D142AD47C9F003F1CC7 /* Frameworks */,
				D1D93D152AD47C9F003F1CC7 /* Resources */,
			);
			buildRules = (
			);
			dependencies = (
			);
			name = GameFlow;
			packageProductDependencies = (
				D1D93D2C2AD48AD4003F1CC7 /* ComposableArchitecture */,
				D1971D702AFD2E9C00D0D12C /* FirebaseAnalytics */,
				D1971D722AFD2E9C00D0D12C /* FirebaseAnalyticsOnDeviceConversion */,
				D1971D742AFD2E9C00D0D12C /* FirebaseAnalyticsSwift */,
				D1971D762AFD2E9C00D0D12C /* FirebaseAnalyticsWithoutAdIdSupport */,
				D1971D782AFD2E9C00D0D12C /* FirebaseAppCheck */,
				D1971D7A2AFD2E9C00D0D12C /* FirebaseAppDistribution-Beta */,
				D1971D7C2AFD2E9C00D0D12C /* FirebaseAuth */,
				D1971D7E2AFD2E9C00D0D12C /* FirebaseAuthCombine-Community */,
				D1971D802AFD2E9C00D0D12C /* FirebaseCrashlytics */,
				D1971D822AFD2E9C00D0D12C /* FirebaseDatabase */,
				D1971D842AFD2E9C00D0D12C /* FirebaseDatabaseSwift */,
				D1971D862AFD2E9C00D0D12C /* FirebaseDynamicLinks */,
				D1971D882AFD2E9C00D0D12C /* FirebaseFirestore */,
				D1971D8A2AFD2E9C00D0D12C /* FirebaseFirestoreCombine-Community */,
				D1971D8C2AFD2E9C00D0D12C /* FirebaseFirestoreSwift */,
				D1971D8E2AFD2E9C00D0D12C /* FirebaseFunctions */,
				D1971D902AFD2E9C00D0D12C /* FirebaseFunctionsCombine-Community */,
				D1971D922AFD2E9C00D0D12C /* FirebaseInAppMessaging-Beta */,
				D1971D942AFD2E9C00D0D12C /* FirebaseInAppMessagingSwift-Beta */,
				D1971D962AFD2E9C00D0D12C /* FirebaseInstallations */,
				D1971D982AFD2E9C00D0D12C /* FirebaseMLModelDownloader */,
				D1971D9A2AFD2E9C00D0D12C /* FirebaseMessaging */,
				D1971D9C2AFD2E9C00D0D12C /* FirebasePerformance */,
				D1971D9E2AFD2E9C00D0D12C /* FirebaseRemoteConfig */,
				D1971DA02AFD2E9C00D0D12C /* FirebaseRemoteConfigSwift */,
				D1971DA22AFD2E9C00D0D12C /* FirebaseStorage */,
				D1971DA42AFD2E9C00D0D12C /* FirebaseStorageCombine-Community */,
				D1DFEF592B0509EC00A71C4F /* SwiftSoup */,
				D15AC5552B09646C00ABB7AE /* Alamofire */,
			);
			productName = GameFlow;
			productReference = D1D93D172AD47C9F003F1CC7 /* GameFlow.app */;
			productType = "com.apple.product-type.application";
		};
/* End PBXNativeTarget section */

/* Begin PBXProject section */
		D1D93D0F2AD47C9F003F1CC7 /* Project object */ = {
			isa = PBXProject;
			attributes = {
				BuildIndependentTargetsInParallel = 1;
				LastSwiftUpdateCheck = 1500;
				LastUpgradeCheck = 1500;
				TargetAttributes = {
					D1D93D162AD47C9F003F1CC7 = {
						CreatedOnToolsVersion = 15.0;
					};
				};
			};
			buildConfigurationList = D1D93D122AD47C9F003F1CC7 /* Build configuration list for PBXProject "GameFlow" */;
			compatibilityVersion = "Xcode 14.0";
			developmentRegion = en;
			hasScannedForEncodings = 0;
			knownRegions = (
				en,
				Base,
			);
			mainGroup = D1D93D0E2AD47C9F003F1CC7;
			packageReferences = (
				D1D93D2B2AD48AD4003F1CC7 /* XCRemoteSwiftPackageReference "swift-composable-architecture" */,
				D1971D6F2AFD2E9C00D0D12C /* XCRemoteSwiftPackageReference "firebase-ios-sdk" */,
				D1DFEF582B0509EC00A71C4F /* XCRemoteSwiftPackageReference "SwiftSoup" */,
				D15AC5542B09646C00ABB7AE /* XCRemoteSwiftPackageReference "Alamofire" */,
			);
			productRefGroup = D1D93D182AD47C9F003F1CC7 /* Products */;
			projectDirPath = "";
			projectRoot = "";
			targets = (
				D1D93D162AD47C9F003F1CC7 /* GameFlow */,
			);
		};
/* End PBXProject section */

/* Begin PBXResourcesBuildPhase section */
		D1D93D152AD47C9F003F1CC7 /* Resources */ = {
			isa = PBXResourcesBuildPhase;
			buildActionMask = 2147483647;
			files = (
				D1D93D222AD47CA0003F1CC7 /* Preview Assets.xcassets in Resources */,
				D1971D6E2AFD2BDD00D0D12C /* GoogleService-Info.plist in Resources */,
				D1D93DB32AF17DE8003F1CC7 /* Gilroy-Medium.ttf in Resources */,
				D1D93D1F2AD47CA0003F1CC7 /* Assets.xcassets in Resources */,
				D1D93DB72AF17DE8003F1CC7 /* Gilroy-Thin.ttf in Resources */,
				D1D93DB62AF17DE8003F1CC7 /* Gilroy-Bold.ttf in Resources */,
				D1D93DB52AF17DE8003F1CC7 /* Gilroy-SemiBold.ttf in Resources */,
				D1D93DB42AF17DE8003F1CC7 /* Gilroy-Regular.ttf in Resources */,
				D1D93DB82AF17DE8003F1CC7 /* Gilroy-Light.ttf in Resources */,
			);
			runOnlyForDeploymentPostprocessing = 0;
		};
/* End PBXResourcesBuildPhase section */

/* Begin PBXSourcesBuildPhase section */
		D1D93D132AD47C9F003F1CC7 /* Sources */ = {
			isa = PBXSourcesBuildPhase;
			buildActionMask = 2147483647;
			files = (
				D122D13F2B16252C0070B927 /* Tournament.swift in Sources */,
				D1DC4CB52B0663060044BE04 /* LiqupediaSerie.swift in Sources */,
				D122D1412B1625B30070B927 /* PandascoreOpponents.swift in Sources */,
				D149C2CF2B0D1E3C00E5F260 /* ShakeModifier.swift in Sources */,
				D1D93D682ADAAA7B003F1CC7 /* Images.swift in Sources */,
				D1D93D3F2AD551C0003F1CC7 /* API_Key.swift in Sources */,
				D1D93D3A2AD49C1E003F1CC7 /* APIClient.swift in Sources */,
				D1204B942B18AE2C001BEFEB /* Standings.swift in Sources */,
				D149C2C92B0CCF6400E5F260 /* CustomTabBar.swift in Sources */,
				D1CFC7E52AF8E63F00CEF15B /* StandingsView.swift in Sources */,
				D122D1492B166F620070B927 /* PlayerEmptyView.swift in Sources */,
				D1CFC7F22AF9577300CEF15B /* MatchesListView.swift in Sources */,
				D122D13B2B1612CD0070B927 /* PlayerViewResketch.swift in Sources */,
				D1DFEF552B03E7F900A71C4F /* TeamDetailResketchView.swift in Sources */,
				D1D93D6A2ADACE9A003F1CC7 /* ExtensionString.swift in Sources */,
				D1204B982B18E079001BEFEB /* BracketCell.swift in Sources */,
				D1204B9A2B18E7EE001BEFEB /* BracketsColumnCell.swift in Sources */,
				D122D1472B163ED50070B927 /* MatchType.swift in Sources */,
				D1CFC7F02AF936EC00CEF15B /* MatchDetailView.swift in Sources */,
				D1D93DBF2AF1A1AE003F1CC7 /* SearchField.swift in Sources */,
				D1D93DBD2AF1898F003F1CC7 /* SeriesListView.swift in Sources */,
				D1CFC7EC2AF9306100CEF15B /* PlayerCellView.swift in Sources */,
				D122D1352B14C2F70070B927 /* NoUpcomingMatchesView.swift in Sources */,
				D1DFEF512B03BBC900A71C4F /* DetailInfoResketchView.swift in Sources */,
				D149C2D72B0D4E5D00E5F260 /* MatchCellResketchView.swift in Sources */,
				D1CFC7DC2AF7F79300CEF15B /* OngoingMatchListView.swift in Sources */,
				D122D1372B1510380070B927 /* MatchDetailResketchView.swift in Sources */,
				D149C2C52B0A804E00E5F260 /* Network.swift in Sources */,
				D1D93DC52AF43A03003F1CC7 /* AnimationEndCallBack.swift in Sources */,
				D1DFEF532B03C20000A71C4F /* PartisipantsResketchView.swift in Sources */,
				D122D1432B163B0F0070B927 /* MatchesListReskatchView.swift in Sources */,
				D149C2BA2B0A374500E5F260 /* SerieLoadingCellView.swift in Sources */,
				D1F1E1312B012B740022C410 /* PandascoreTournament.swift in Sources */,
				D122D1452B163D250070B927 /* MatchListTabBar.swift in Sources */,
				D1971DAD2AFFAEE400D0D12C /* PandascoreManager.swift in Sources */,
				D1D93D4A2AD6B1C7003F1CC7 /* PandascoreSerie.swift in Sources */,
				D149C2C12B0A4F2E00E5F260 /* FetchingPlaceholder.swift in Sources */,
				D1D93DAB2AF1777A003F1CC7 /* SerieCellView.swift in Sources */,
				D1D93D612AD95675003F1CC7 /* MainView.swift in Sources */,
				D1F1E1372B014E8C0022C410 /* PandascoreStandings.swift in Sources */,
				D1D93DC32AF2C473003F1CC7 /* OffsetReader.swift in Sources */,
				D122D14B2B176E2B0070B927 /* StandingsResketch.swift in Sources */,
				D1D93D782AE4157B003F1CC7 /* ExtensionDate.swift in Sources */,
				D1F1E1392B02BD040022C410 /* MainResketch.swift in Sources */,
				D1D93D7A2AE41FE6003F1CC7 /* PandascoreMatch.swift in Sources */,
				D1D93D7C2AE42058003F1CC7 /* PandascoreTeam.swift in Sources */,
				D149C2CB2B0D0C4B00E5F260 /* SeriesType.swift in Sources */,
				D122D13D2B1625170070B927 /* Serie.swift in Sources */,
				D1D93DC12AF2C0AF003F1CC7 /* TabBarView.swift in Sources */,
				D1CFC7E92AF9254800CEF15B /* TeamDetailView.swift in Sources */,
				D1CFC7E12AF8473200CEF15B /* PartisipantsListView.swift in Sources */,
				D1D93D4C2AD6B2DC003F1CC7 /* PandascoreLeague.swift in Sources */,
				D1DFEF4C2B038F9A00A71C4F /* SeriesListViewResketch.swift in Sources */,
				D1DFEF5C2B050A7E00A71C4F /* WebScrapingManager.swift in Sources */,
				D1D93DBB2AF1837B003F1CC7 /* Fonts.swift in Sources */,
				D1971DA92AFE902500D0D12C /* TestWrite.swift in Sources */,
				D149C2D52B0D4DFD00E5F260 /* OngoingMatchListViewResketch.swift in Sources */,
				D1CFC7DE2AF7FE2900CEF15B /* DetailInfoView.swift in Sources */,
				D1204B962B18B29E001BEFEB /* BracketsResketchView.swift in Sources */,
				D1CFC7DA2AF7F76E00CEF15B /* MatchCellView.swift in Sources */,
				D1D93D1B2AD47C9F003F1CC7 /* GameFlowApp.swift in Sources */,
				D1F1E1352B014E830022C410 /* PandascoreBrackets.swift in Sources */,
				D1971DAB2AFEAC5900D0D12C /* FirestoreManager.swift in Sources */,
				D1DFEF4E2B03906100A71C4F /* SerieCellResketch.swift in Sources */,
			);
			runOnlyForDeploymentPostprocessing = 0;
		};
/* End PBXSourcesBuildPhase section */

/* Begin XCBuildConfiguration section */
		D1D93D232AD47CA0003F1CC7 /* Debug */ = {
			isa = XCBuildConfiguration;
			buildSettings = {
				ALWAYS_SEARCH_USER_PATHS = NO;
				ASSETCATALOG_COMPILER_GENERATE_SWIFT_ASSET_SYMBOL_EXTENSIONS = YES;
				CLANG_ANALYZER_NONNULL = YES;
				CLANG_ANALYZER_NUMBER_OBJECT_CONVERSION = YES_AGGRESSIVE;
				CLANG_CXX_LANGUAGE_STANDARD = "gnu++20";
				CLANG_ENABLE_MODULES = YES;
				CLANG_ENABLE_OBJC_ARC = YES;
				CLANG_ENABLE_OBJC_WEAK = YES;
				CLANG_WARN_BLOCK_CAPTURE_AUTORELEASING = YES;
				CLANG_WARN_BOOL_CONVERSION = YES;
				CLANG_WARN_COMMA = YES;
				CLANG_WARN_CONSTANT_CONVERSION = YES;
				CLANG_WARN_DEPRECATED_OBJC_IMPLEMENTATIONS = YES;
				CLANG_WARN_DIRECT_OBJC_ISA_USAGE = YES_ERROR;
				CLANG_WARN_DOCUMENTATION_COMMENTS = YES;
				CLANG_WARN_EMPTY_BODY = YES;
				CLANG_WARN_ENUM_CONVERSION = YES;
				CLANG_WARN_INFINITE_RECURSION = YES;
				CLANG_WARN_INT_CONVERSION = YES;
				CLANG_WARN_NON_LITERAL_NULL_CONVERSION = YES;
				CLANG_WARN_OBJC_IMPLICIT_RETAIN_SELF = YES;
				CLANG_WARN_OBJC_LITERAL_CONVERSION = YES;
				CLANG_WARN_OBJC_ROOT_CLASS = YES_ERROR;
				CLANG_WARN_QUOTED_INCLUDE_IN_FRAMEWORK_HEADER = YES;
				CLANG_WARN_RANGE_LOOP_ANALYSIS = YES;
				CLANG_WARN_STRICT_PROTOTYPES = YES;
				CLANG_WARN_SUSPICIOUS_MOVE = YES;
				CLANG_WARN_UNGUARDED_AVAILABILITY = YES_AGGRESSIVE;
				CLANG_WARN_UNREACHABLE_CODE = YES;
				CLANG_WARN__DUPLICATE_METHOD_MATCH = YES;
				COPY_PHASE_STRIP = NO;
				DEBUG_INFORMATION_FORMAT = dwarf;
				ENABLE_STRICT_OBJC_MSGSEND = YES;
				ENABLE_TESTABILITY = YES;
				ENABLE_USER_SCRIPT_SANDBOXING = YES;
				GCC_C_LANGUAGE_STANDARD = gnu17;
				GCC_DYNAMIC_NO_PIC = NO;
				GCC_NO_COMMON_BLOCKS = YES;
				GCC_OPTIMIZATION_LEVEL = 0;
				GCC_PREPROCESSOR_DEFINITIONS = (
					"DEBUG=1",
					"$(inherited)",
				);
				GCC_WARN_64_TO_32_BIT_CONVERSION = YES;
				GCC_WARN_ABOUT_RETURN_TYPE = YES_ERROR;
				GCC_WARN_UNDECLARED_SELECTOR = YES;
				GCC_WARN_UNINITIALIZED_AUTOS = YES_AGGRESSIVE;
				GCC_WARN_UNUSED_FUNCTION = YES;
				GCC_WARN_UNUSED_VARIABLE = YES;
				IPHONEOS_DEPLOYMENT_TARGET = 17.2;
				LOCALIZATION_PREFERS_STRING_CATALOGS = YES;
				MTL_ENABLE_DEBUG_INFO = INCLUDE_SOURCE;
				MTL_FAST_MATH = YES;
				ONLY_ACTIVE_ARCH = YES;
				SDKROOT = iphoneos;
				SWIFT_ACTIVE_COMPILATION_CONDITIONS = "DEBUG $(inherited)";
				SWIFT_OPTIMIZATION_LEVEL = "-Onone";
			};
			name = Debug;
		};
		D1D93D242AD47CA0003F1CC7 /* Release */ = {
			isa = XCBuildConfiguration;
			buildSettings = {
				ALWAYS_SEARCH_USER_PATHS = NO;
				ASSETCATALOG_COMPILER_GENERATE_SWIFT_ASSET_SYMBOL_EXTENSIONS = YES;
				CLANG_ANALYZER_NONNULL = YES;
				CLANG_ANALYZER_NUMBER_OBJECT_CONVERSION = YES_AGGRESSIVE;
				CLANG_CXX_LANGUAGE_STANDARD = "gnu++20";
				CLANG_ENABLE_MODULES = YES;
				CLANG_ENABLE_OBJC_ARC = YES;
				CLANG_ENABLE_OBJC_WEAK = YES;
				CLANG_WARN_BLOCK_CAPTURE_AUTORELEASING = YES;
				CLANG_WARN_BOOL_CONVERSION = YES;
				CLANG_WARN_COMMA = YES;
				CLANG_WARN_CONSTANT_CONVERSION = YES;
				CLANG_WARN_DEPRECATED_OBJC_IMPLEMENTATIONS = YES;
				CLANG_WARN_DIRECT_OBJC_ISA_USAGE = YES_ERROR;
				CLANG_WARN_DOCUMENTATION_COMMENTS = YES;
				CLANG_WARN_EMPTY_BODY = YES;
				CLANG_WARN_ENUM_CONVERSION = YES;
				CLANG_WARN_INFINITE_RECURSION = YES;
				CLANG_WARN_INT_CONVERSION = YES;
				CLANG_WARN_NON_LITERAL_NULL_CONVERSION = YES;
				CLANG_WARN_OBJC_IMPLICIT_RETAIN_SELF = YES;
				CLANG_WARN_OBJC_LITERAL_CONVERSION = YES;
				CLANG_WARN_OBJC_ROOT_CLASS = YES_ERROR;
				CLANG_WARN_QUOTED_INCLUDE_IN_FRAMEWORK_HEADER = YES;
				CLANG_WARN_RANGE_LOOP_ANALYSIS = YES;
				CLANG_WARN_STRICT_PROTOTYPES = YES;
				CLANG_WARN_SUSPICIOUS_MOVE = YES;
				CLANG_WARN_UNGUARDED_AVAILABILITY = YES_AGGRESSIVE;
				CLANG_WARN_UNREACHABLE_CODE = YES;
				CLANG_WARN__DUPLICATE_METHOD_MATCH = YES;
				COPY_PHASE_STRIP = NO;
				DEBUG_INFORMATION_FORMAT = "dwarf-with-dsym";
				ENABLE_NS_ASSERTIONS = NO;
				ENABLE_STRICT_OBJC_MSGSEND = YES;
				ENABLE_USER_SCRIPT_SANDBOXING = YES;
				GCC_C_LANGUAGE_STANDARD = gnu17;
				GCC_NO_COMMON_BLOCKS = YES;
				GCC_WARN_64_TO_32_BIT_CONVERSION = YES;
				GCC_WARN_ABOUT_RETURN_TYPE = YES_ERROR;
				GCC_WARN_UNDECLARED_SELECTOR = YES;
				GCC_WARN_UNINITIALIZED_AUTOS = YES_AGGRESSIVE;
				GCC_WARN_UNUSED_FUNCTION = YES;
				GCC_WARN_UNUSED_VARIABLE = YES;
				IPHONEOS_DEPLOYMENT_TARGET = 17.2;
				LOCALIZATION_PREFERS_STRING_CATALOGS = YES;
				MTL_ENABLE_DEBUG_INFO = NO;
				MTL_FAST_MATH = YES;
				SDKROOT = iphoneos;
				SWIFT_COMPILATION_MODE = wholemodule;
				VALIDATE_PRODUCT = YES;
			};
			name = Release;
		};
		D1D93D262AD47CA0003F1CC7 /* Debug */ = {
			isa = XCBuildConfiguration;
			buildSettings = {
				ASSETCATALOG_COMPILER_APPICON_NAME = AppIcon;
				ASSETCATALOG_COMPILER_GLOBAL_ACCENT_COLOR_NAME = AccentColor;
				CODE_SIGN_STYLE = Automatic;
				CURRENT_PROJECT_VERSION = 1;
				DEVELOPMENT_ASSET_PATHS = "\"GameFlow/Preview Content\"";
				DEVELOPMENT_TEAM = JTJACLKKSJ;
				ENABLE_PREVIEWS = YES;
				GENERATE_INFOPLIST_FILE = YES;
				INFOPLIST_FILE = GameFlow/Info.plist;
				INFOPLIST_KEY_UIApplicationSceneManifest_Generation = YES;
				INFOPLIST_KEY_UIApplicationSupportsIndirectInputEvents = YES;
				INFOPLIST_KEY_UILaunchScreen_Generation = YES;
				INFOPLIST_KEY_UISupportedInterfaceOrientations = UIInterfaceOrientationPortrait;
				IPHONEOS_DEPLOYMENT_TARGET = 16.0;
				LD_RUNPATH_SEARCH_PATHS = (
					"$(inherited)",
					"@executable_path/Frameworks",
				);
				MARKETING_VERSION = 1.0;
				PRODUCT_BUNDLE_IDENTIFIER = yaroslavSokolov.GameFlow;
				PRODUCT_NAME = "$(TARGET_NAME)";
				SWIFT_EMIT_LOC_STRINGS = YES;
				SWIFT_VERSION = 5.0;
				TARGETED_DEVICE_FAMILY = "1,2";
			};
			name = Debug;
		};
		D1D93D272AD47CA0003F1CC7 /* Release */ = {
			isa = XCBuildConfiguration;
			buildSettings = {
				ASSETCATALOG_COMPILER_APPICON_NAME = AppIcon;
				ASSETCATALOG_COMPILER_GLOBAL_ACCENT_COLOR_NAME = AccentColor;
				CODE_SIGN_STYLE = Automatic;
				CURRENT_PROJECT_VERSION = 1;
				DEVELOPMENT_ASSET_PATHS = "\"GameFlow/Preview Content\"";
				DEVELOPMENT_TEAM = JTJACLKKSJ;
				ENABLE_PREVIEWS = YES;
				GENERATE_INFOPLIST_FILE = YES;
				INFOPLIST_FILE = GameFlow/Info.plist;
				INFOPLIST_KEY_UIApplicationSceneManifest_Generation = YES;
				INFOPLIST_KEY_UIApplicationSupportsIndirectInputEvents = YES;
				INFOPLIST_KEY_UILaunchScreen_Generation = YES;
				INFOPLIST_KEY_UISupportedInterfaceOrientations = UIInterfaceOrientationPortrait;
				IPHONEOS_DEPLOYMENT_TARGET = 16.0;
				LD_RUNPATH_SEARCH_PATHS = (
					"$(inherited)",
					"@executable_path/Frameworks",
				);
				MARKETING_VERSION = 1.0;
				PRODUCT_BUNDLE_IDENTIFIER = yaroslavSokolov.GameFlow;
				PRODUCT_NAME = "$(TARGET_NAME)";
				SWIFT_EMIT_LOC_STRINGS = YES;
				SWIFT_VERSION = 5.0;
				TARGETED_DEVICE_FAMILY = "1,2";
			};
			name = Release;
		};
/* End XCBuildConfiguration section */

/* Begin XCConfigurationList section */
		D1D93D122AD47C9F003F1CC7 /* Build configuration list for PBXProject "GameFlow" */ = {
			isa = XCConfigurationList;
			buildConfigurations = (
				D1D93D232AD47CA0003F1CC7 /* Debug */,
				D1D93D242AD47CA0003F1CC7 /* Release */,
			);
			defaultConfigurationIsVisible = 0;
			defaultConfigurationName = Release;
		};
		D1D93D252AD47CA0003F1CC7 /* Build configuration list for PBXNativeTarget "GameFlow" */ = {
			isa = XCConfigurationList;
			buildConfigurations = (
				D1D93D262AD47CA0003F1CC7 /* Debug */,
				D1D93D272AD47CA0003F1CC7 /* Release */,
			);
			defaultConfigurationIsVisible = 0;
			defaultConfigurationName = Release;
		};
/* End XCConfigurationList section */

/* Begin XCRemoteSwiftPackageReference section */
		D15AC5542B09646C00ABB7AE /* XCRemoteSwiftPackageReference "Alamofire" */ = {
			isa = XCRemoteSwiftPackageReference;
			repositoryURL = "https://github.com/Alamofire/Alamofire.git";
			requirement = {
				kind = upToNextMajorVersion;
				minimumVersion = 5.8.1;
			};
		};
		D1971D6F2AFD2E9C00D0D12C /* XCRemoteSwiftPackageReference "firebase-ios-sdk" */ = {
			isa = XCRemoteSwiftPackageReference;
			repositoryURL = "https://github.com/firebase/firebase-ios-sdk.git";
			requirement = {
				kind = upToNextMajorVersion;
				minimumVersion = 10.17.0;
			};
		};
		D1D93D2B2AD48AD4003F1CC7 /* XCRemoteSwiftPackageReference "swift-composable-architecture" */ = {
			isa = XCRemoteSwiftPackageReference;
			repositoryURL = "https://github.com/pointfreeco/swift-composable-architecture.git";
			requirement = {
				kind = upToNextMajorVersion;
				minimumVersion = 1.2.0;
			};
		};
		D1DFEF582B0509EC00A71C4F /* XCRemoteSwiftPackageReference "SwiftSoup" */ = {
			isa = XCRemoteSwiftPackageReference;
			repositoryURL = "https://github.com/scinfu/SwiftSoup.git";
			requirement = {
				kind = upToNextMajorVersion;
				minimumVersion = 2.6.1;
			};
		};
/* End XCRemoteSwiftPackageReference section */

/* Begin XCSwiftPackageProductDependency section */
		D15AC5552B09646C00ABB7AE /* Alamofire */ = {
			isa = XCSwiftPackageProductDependency;
			package = D15AC5542B09646C00ABB7AE /* XCRemoteSwiftPackageReference "Alamofire" */;
			productName = Alamofire;
		};
		D1971D702AFD2E9C00D0D12C /* FirebaseAnalytics */ = {
			isa = XCSwiftPackageProductDependency;
			package = D1971D6F2AFD2E9C00D0D12C /* XCRemoteSwiftPackageReference "firebase-ios-sdk" */;
			productName = FirebaseAnalytics;
		};
		D1971D722AFD2E9C00D0D12C /* FirebaseAnalyticsOnDeviceConversion */ = {
			isa = XCSwiftPackageProductDependency;
			package = D1971D6F2AFD2E9C00D0D12C /* XCRemoteSwiftPackageReference "firebase-ios-sdk" */;
			productName = FirebaseAnalyticsOnDeviceConversion;
		};
		D1971D742AFD2E9C00D0D12C /* FirebaseAnalyticsSwift */ = {
			isa = XCSwiftPackageProductDependency;
			package = D1971D6F2AFD2E9C00D0D12C /* XCRemoteSwiftPackageReference "firebase-ios-sdk" */;
			productName = FirebaseAnalyticsSwift;
		};
		D1971D762AFD2E9C00D0D12C /* FirebaseAnalyticsWithoutAdIdSupport */ = {
			isa = XCSwiftPackageProductDependency;
			package = D1971D6F2AFD2E9C00D0D12C /* XCRemoteSwiftPackageReference "firebase-ios-sdk" */;
			productName = FirebaseAnalyticsWithoutAdIdSupport;
		};
		D1971D782AFD2E9C00D0D12C /* FirebaseAppCheck */ = {
			isa = XCSwiftPackageProductDependency;
			package = D1971D6F2AFD2E9C00D0D12C /* XCRemoteSwiftPackageReference "firebase-ios-sdk" */;
			productName = FirebaseAppCheck;
		};
		D1971D7A2AFD2E9C00D0D12C /* FirebaseAppDistribution-Beta */ = {
			isa = XCSwiftPackageProductDependency;
			package = D1971D6F2AFD2E9C00D0D12C /* XCRemoteSwiftPackageReference "firebase-ios-sdk" */;
			productName = "FirebaseAppDistribution-Beta";
		};
		D1971D7C2AFD2E9C00D0D12C /* FirebaseAuth */ = {
			isa = XCSwiftPackageProductDependency;
			package = D1971D6F2AFD2E9C00D0D12C /* XCRemoteSwiftPackageReference "firebase-ios-sdk" */;
			productName = FirebaseAuth;
		};
		D1971D7E2AFD2E9C00D0D12C /* FirebaseAuthCombine-Community */ = {
			isa = XCSwiftPackageProductDependency;
			package = D1971D6F2AFD2E9C00D0D12C /* XCRemoteSwiftPackageReference "firebase-ios-sdk" */;
			productName = "FirebaseAuthCombine-Community";
		};
		D1971D802AFD2E9C00D0D12C /* FirebaseCrashlytics */ = {
			isa = XCSwiftPackageProductDependency;
			package = D1971D6F2AFD2E9C00D0D12C /* XCRemoteSwiftPackageReference "firebase-ios-sdk" */;
			productName = FirebaseCrashlytics;
		};
		D1971D822AFD2E9C00D0D12C /* FirebaseDatabase */ = {
			isa = XCSwiftPackageProductDependency;
			package = D1971D6F2AFD2E9C00D0D12C /* XCRemoteSwiftPackageReference "firebase-ios-sdk" */;
			productName = FirebaseDatabase;
		};
		D1971D842AFD2E9C00D0D12C /* FirebaseDatabaseSwift */ = {
			isa = XCSwiftPackageProductDependency;
			package = D1971D6F2AFD2E9C00D0D12C /* XCRemoteSwiftPackageReference "firebase-ios-sdk" */;
			productName = FirebaseDatabaseSwift;
		};
		D1971D862AFD2E9C00D0D12C /* FirebaseDynamicLinks */ = {
			isa = XCSwiftPackageProductDependency;
			package = D1971D6F2AFD2E9C00D0D12C /* XCRemoteSwiftPackageReference "firebase-ios-sdk" */;
			productName = FirebaseDynamicLinks;
		};
		D1971D882AFD2E9C00D0D12C /* FirebaseFirestore */ = {
			isa = XCSwiftPackageProductDependency;
			package = D1971D6F2AFD2E9C00D0D12C /* XCRemoteSwiftPackageReference "firebase-ios-sdk" */;
			productName = FirebaseFirestore;
		};
		D1971D8A2AFD2E9C00D0D12C /* FirebaseFirestoreCombine-Community */ = {
			isa = XCSwiftPackageProductDependency;
			package = D1971D6F2AFD2E9C00D0D12C /* XCRemoteSwiftPackageReference "firebase-ios-sdk" */;
			productName = "FirebaseFirestoreCombine-Community";
		};
		D1971D8C2AFD2E9C00D0D12C /* FirebaseFirestoreSwift */ = {
			isa = XCSwiftPackageProductDependency;
			package = D1971D6F2AFD2E9C00D0D12C /* XCRemoteSwiftPackageReference "firebase-ios-sdk" */;
			productName = FirebaseFirestoreSwift;
		};
		D1971D8E2AFD2E9C00D0D12C /* FirebaseFunctions */ = {
			isa = XCSwiftPackageProductDependency;
			package = D1971D6F2AFD2E9C00D0D12C /* XCRemoteSwiftPackageReference "firebase-ios-sdk" */;
			productName = FirebaseFunctions;
		};
		D1971D902AFD2E9C00D0D12C /* FirebaseFunctionsCombine-Community */ = {
			isa = XCSwiftPackageProductDependency;
			package = D1971D6F2AFD2E9C00D0D12C /* XCRemoteSwiftPackageReference "firebase-ios-sdk" */;
			productName = "FirebaseFunctionsCombine-Community";
		};
		D1971D922AFD2E9C00D0D12C /* FirebaseInAppMessaging-Beta */ = {
			isa = XCSwiftPackageProductDependency;
			package = D1971D6F2AFD2E9C00D0D12C /* XCRemoteSwiftPackageReference "firebase-ios-sdk" */;
			productName = "FirebaseInAppMessaging-Beta";
		};
		D1971D942AFD2E9C00D0D12C /* FirebaseInAppMessagingSwift-Beta */ = {
			isa = XCSwiftPackageProductDependency;
			package = D1971D6F2AFD2E9C00D0D12C /* XCRemoteSwiftPackageReference "firebase-ios-sdk" */;
			productName = "FirebaseInAppMessagingSwift-Beta";
		};
		D1971D962AFD2E9C00D0D12C /* FirebaseInstallations */ = {
			isa = XCSwiftPackageProductDependency;
			package = D1971D6F2AFD2E9C00D0D12C /* XCRemoteSwiftPackageReference "firebase-ios-sdk" */;
			productName = FirebaseInstallations;
		};
		D1971D982AFD2E9C00D0D12C /* FirebaseMLModelDownloader */ = {
			isa = XCSwiftPackageProductDependency;
			package = D1971D6F2AFD2E9C00D0D12C /* XCRemoteSwiftPackageReference "firebase-ios-sdk" */;
			productName = FirebaseMLModelDownloader;
		};
		D1971D9A2AFD2E9C00D0D12C /* FirebaseMessaging */ = {
			isa = XCSwiftPackageProductDependency;
			package = D1971D6F2AFD2E9C00D0D12C /* XCRemoteSwiftPackageReference "firebase-ios-sdk" */;
			productName = FirebaseMessaging;
		};
		D1971D9C2AFD2E9C00D0D12C /* FirebasePerformance */ = {
			isa = XCSwiftPackageProductDependency;
			package = D1971D6F2AFD2E9C00D0D12C /* XCRemoteSwiftPackageReference "firebase-ios-sdk" */;
			productName = FirebasePerformance;
		};
		D1971D9E2AFD2E9C00D0D12C /* FirebaseRemoteConfig */ = {
			isa = XCSwiftPackageProductDependency;
			package = D1971D6F2AFD2E9C00D0D12C /* XCRemoteSwiftPackageReference "firebase-ios-sdk" */;
			productName = FirebaseRemoteConfig;
		};
		D1971DA02AFD2E9C00D0D12C /* FirebaseRemoteConfigSwift */ = {
			isa = XCSwiftPackageProductDependency;
			package = D1971D6F2AFD2E9C00D0D12C /* XCRemoteSwiftPackageReference "firebase-ios-sdk" */;
			productName = FirebaseRemoteConfigSwift;
		};
		D1971DA22AFD2E9C00D0D12C /* FirebaseStorage */ = {
			isa = XCSwiftPackageProductDependency;
			package = D1971D6F2AFD2E9C00D0D12C /* XCRemoteSwiftPackageReference "firebase-ios-sdk" */;
			productName = FirebaseStorage;
		};
		D1971DA42AFD2E9C00D0D12C /* FirebaseStorageCombine-Community */ = {
			isa = XCSwiftPackageProductDependency;
			package = D1971D6F2AFD2E9C00D0D12C /* XCRemoteSwiftPackageReference "firebase-ios-sdk" */;
			productName = "FirebaseStorageCombine-Community";
		};
		D1D93D2C2AD48AD4003F1CC7 /* ComposableArchitecture */ = {
			isa = XCSwiftPackageProductDependency;
			package = D1D93D2B2AD48AD4003F1CC7 /* XCRemoteSwiftPackageReference "swift-composable-architecture" */;
			productName = ComposableArchitecture;
		};
		D1DFEF592B0509EC00A71C4F /* SwiftSoup */ = {
			isa = XCSwiftPackageProductDependency;
			package = D1DFEF582B0509EC00A71C4F /* XCRemoteSwiftPackageReference "SwiftSoup" */;
			productName = SwiftSoup;
		};
/* End XCSwiftPackageProductDependency section */
	};
	rootObject = D1D93D0F2AD47C9F003F1CC7 /* Project object */;
}
