// !$*UTF8*$!
{
	archiveVersion = 1;
	classes = {
	};
	objectVersion = 56;
	objects = {

/* Begin PBXBuildFile section */
		D1D93D1B2AD47C9F003F1CC7 /* GameFlowApp.swift in Sources */ = {isa = PBXBuildFile; fileRef = D1D93D1A2AD47C9F003F1CC7 /* GameFlowApp.swift */; };
		D1D93D1F2AD47CA0003F1CC7 /* Assets.xcassets in Resources */ = {isa = PBXBuildFile; fileRef = D1D93D1E2AD47CA0003F1CC7 /* Assets.xcassets */; };
		D1D93D222AD47CA0003F1CC7 /* Preview Assets.xcassets in Resources */ = {isa = PBXBuildFile; fileRef = D1D93D212AD47CA0003F1CC7 /* Preview Assets.xcassets */; };
		D1D93D2D2AD48AD4003F1CC7 /* ComposableArchitecture in Frameworks */ = {isa = PBXBuildFile; productRef = D1D93D2C2AD48AD4003F1CC7 /* ComposableArchitecture */; };
		D1D93D3A2AD49C1E003F1CC7 /* APIClient.swift in Sources */ = {isa = PBXBuildFile; fileRef = D1D93D392AD49C1E003F1CC7 /* APIClient.swift */; };
		D1D93D3D2AD55136003F1CC7 /* Alamofire in Frameworks */ = {isa = PBXBuildFile; productRef = D1D93D3C2AD55136003F1CC7 /* Alamofire */; };
		D1D93D3F2AD551C0003F1CC7 /* API_Key.swift in Sources */ = {isa = PBXBuildFile; fileRef = D1D93D3E2AD551C0003F1CC7 /* API_Key.swift */; };
		D1D93D482AD6A7E6003F1CC7 /* Tournament.swift in Sources */ = {isa = PBXBuildFile; fileRef = D1D93D472AD6A7E6003F1CC7 /* Tournament.swift */; };
		D1D93D4A2AD6B1C7003F1CC7 /* Serie.swift in Sources */ = {isa = PBXBuildFile; fileRef = D1D93D492AD6B1C7003F1CC7 /* Serie.swift */; };
		D1D93D4C2AD6B2DC003F1CC7 /* League.swift in Sources */ = {isa = PBXBuildFile; fileRef = D1D93D4B2AD6B2DC003F1CC7 /* League.swift */; };
		D1D93D562AD94523003F1CC7 /* TournamentListView.swift in Sources */ = {isa = PBXBuildFile; fileRef = D1D93D552AD94523003F1CC7 /* TournamentListView.swift */; };
		D1D93D5D2AD948FC003F1CC7 /* TournamentViewCell.swift in Sources */ = {isa = PBXBuildFile; fileRef = D1D93D5C2AD948FC003F1CC7 /* TournamentViewCell.swift */; };
		D1D93D612AD95675003F1CC7 /* MainView.swift in Sources */ = {isa = PBXBuildFile; fileRef = D1D93D602AD95675003F1CC7 /* MainView.swift */; };
		D1D93D682ADAAA7B003F1CC7 /* Images.swift in Sources */ = {isa = PBXBuildFile; fileRef = D1D93D672ADAAA7B003F1CC7 /* Images.swift */; };
		D1D93D6A2ADACE9A003F1CC7 /* ExtensionString.swift in Sources */ = {isa = PBXBuildFile; fileRef = D1D93D692ADACE9A003F1CC7 /* ExtensionString.swift */; };
		D1D93D6D2ADB097F003F1CC7 /* DetailInfoView.swift in Sources */ = {isa = PBXBuildFile; fileRef = D1D93D6C2ADB097F003F1CC7 /* DetailInfoView.swift */; };
		D1D93D782AE4157B003F1CC7 /* ExtensionDate.swift in Sources */ = {isa = PBXBuildFile; fileRef = D1D93D772AE4157B003F1CC7 /* ExtensionDate.swift */; };
		D1D93D7A2AE41FE6003F1CC7 /* Match.swift in Sources */ = {isa = PBXBuildFile; fileRef = D1D93D792AE41FE6003F1CC7 /* Match.swift */; };
		D1D93D7C2AE42058003F1CC7 /* Team.swift in Sources */ = {isa = PBXBuildFile; fileRef = D1D93D7B2AE42058003F1CC7 /* Team.swift */; };
		D1D93D832AE421D2003F1CC7 /* Opponent.swift in Sources */ = {isa = PBXBuildFile; fileRef = D1D93D822AE421D2003F1CC7 /* Opponent.swift */; };
		D1D93DAB2AF1777A003F1CC7 /* SerieCellView.swift in Sources */ = {isa = PBXBuildFile; fileRef = D1D93DAA2AF1777A003F1CC7 /* SerieCellView.swift */; };
		D1D93DB32AF17DE8003F1CC7 /* Gilroy-Medium.ttf in Resources */ = {isa = PBXBuildFile; fileRef = D1D93DAD2AF17DE8003F1CC7 /* Gilroy-Medium.ttf */; };
		D1D93DB42AF17DE8003F1CC7 /* Gilroy-Regular.ttf in Resources */ = {isa = PBXBuildFile; fileRef = D1D93DAE2AF17DE8003F1CC7 /* Gilroy-Regular.ttf */; };
		D1D93DB52AF17DE8003F1CC7 /* Gilroy-SemiBold.ttf in Resources */ = {isa = PBXBuildFile; fileRef = D1D93DAF2AF17DE8003F1CC7 /* Gilroy-SemiBold.ttf */; };
		D1D93DB62AF17DE8003F1CC7 /* Gilroy-Bold.ttf in Resources */ = {isa = PBXBuildFile; fileRef = D1D93DB02AF17DE8003F1CC7 /* Gilroy-Bold.ttf */; };
		D1D93DB72AF17DE8003F1CC7 /* Gilroy-Thin.ttf in Resources */ = {isa = PBXBuildFile; fileRef = D1D93DB12AF17DE8003F1CC7 /* Gilroy-Thin.ttf */; };
		D1D93DB82AF17DE8003F1CC7 /* Gilroy-Light.ttf in Resources */ = {isa = PBXBuildFile; fileRef = D1D93DB22AF17DE8003F1CC7 /* Gilroy-Light.ttf */; };
		D1D93DBB2AF1837B003F1CC7 /* Fonts.swift in Sources */ = {isa = PBXBuildFile; fileRef = D1D93DBA2AF1837B003F1CC7 /* Fonts.swift */; };
		D1D93DBD2AF1898F003F1CC7 /* SeriesListView.swift in Sources */ = {isa = PBXBuildFile; fileRef = D1D93DBC2AF1898F003F1CC7 /* SeriesListView.swift */; };
		D1D93DBF2AF1A1AE003F1CC7 /* SearchField.swift in Sources */ = {isa = PBXBuildFile; fileRef = D1D93DBE2AF1A1AE003F1CC7 /* SearchField.swift */; };
/* End PBXBuildFile section */

/* Begin PBXFileReference section */
		D1D93D172AD47C9F003F1CC7 /* GameFlow.app */ = {isa = PBXFileReference; explicitFileType = wrapper.application; includeInIndex = 0; path = GameFlow.app; sourceTree = BUILT_PRODUCTS_DIR; };
		D1D93D1A2AD47C9F003F1CC7 /* GameFlowApp.swift */ = {isa = PBXFileReference; lastKnownFileType = sourcecode.swift; path = GameFlowApp.swift; sourceTree = "<group>"; };
		D1D93D1E2AD47CA0003F1CC7 /* Assets.xcassets */ = {isa = PBXFileReference; lastKnownFileType = folder.assetcatalog; path = Assets.xcassets; sourceTree = "<group>"; };
		D1D93D212AD47CA0003F1CC7 /* Preview Assets.xcassets */ = {isa = PBXFileReference; lastKnownFileType = folder.assetcatalog; path = "Preview Assets.xcassets"; sourceTree = "<group>"; };
		D1D93D392AD49C1E003F1CC7 /* APIClient.swift */ = {isa = PBXFileReference; lastKnownFileType = sourcecode.swift; path = APIClient.swift; sourceTree = "<group>"; };
		D1D93D3E2AD551C0003F1CC7 /* API_Key.swift */ = {isa = PBXFileReference; lastKnownFileType = sourcecode.swift; path = API_Key.swift; sourceTree = "<group>"; };
		D1D93D472AD6A7E6003F1CC7 /* Tournament.swift */ = {isa = PBXFileReference; lastKnownFileType = sourcecode.swift; path = Tournament.swift; sourceTree = "<group>"; };
		D1D93D492AD6B1C7003F1CC7 /* Serie.swift */ = {isa = PBXFileReference; lastKnownFileType = sourcecode.swift; path = Serie.swift; sourceTree = "<group>"; };
		D1D93D4B2AD6B2DC003F1CC7 /* League.swift */ = {isa = PBXFileReference; lastKnownFileType = sourcecode.swift; path = League.swift; sourceTree = "<group>"; };
		D1D93D552AD94523003F1CC7 /* TournamentListView.swift */ = {isa = PBXFileReference; lastKnownFileType = sourcecode.swift; path = TournamentListView.swift; sourceTree = "<group>"; };
		D1D93D5C2AD948FC003F1CC7 /* TournamentViewCell.swift */ = {isa = PBXFileReference; lastKnownFileType = sourcecode.swift; path = TournamentViewCell.swift; sourceTree = "<group>"; };
		D1D93D602AD95675003F1CC7 /* MainView.swift */ = {isa = PBXFileReference; lastKnownFileType = sourcecode.swift; path = MainView.swift; sourceTree = "<group>"; };
		D1D93D672ADAAA7B003F1CC7 /* Images.swift */ = {isa = PBXFileReference; lastKnownFileType = sourcecode.swift; path = Images.swift; sourceTree = "<group>"; };
		D1D93D692ADACE9A003F1CC7 /* ExtensionString.swift */ = {isa = PBXFileReference; lastKnownFileType = sourcecode.swift; path = ExtensionString.swift; sourceTree = "<group>"; };
		D1D93D6C2ADB097F003F1CC7 /* DetailInfoView.swift */ = {isa = PBXFileReference; lastKnownFileType = sourcecode.swift; path = DetailInfoView.swift; sourceTree = "<group>"; };
		D1D93D772AE4157B003F1CC7 /* ExtensionDate.swift */ = {isa = PBXFileReference; lastKnownFileType = sourcecode.swift; path = ExtensionDate.swift; sourceTree = "<group>"; };
		D1D93D792AE41FE6003F1CC7 /* Match.swift */ = {isa = PBXFileReference; lastKnownFileType = sourcecode.swift; path = Match.swift; sourceTree = "<group>"; };
		D1D93D7B2AE42058003F1CC7 /* Team.swift */ = {isa = PBXFileReference; lastKnownFileType = sourcecode.swift; path = Team.swift; sourceTree = "<group>"; };
		D1D93D822AE421D2003F1CC7 /* Opponent.swift */ = {isa = PBXFileReference; lastKnownFileType = sourcecode.swift; path = Opponent.swift; sourceTree = "<group>"; };
		D1D93DAA2AF1777A003F1CC7 /* SerieCellView.swift */ = {isa = PBXFileReference; lastKnownFileType = sourcecode.swift; path = SerieCellView.swift; sourceTree = "<group>"; };
		D1D93DAD2AF17DE8003F1CC7 /* Gilroy-Medium.ttf */ = {isa = PBXFileReference; lastKnownFileType = file; path = "Gilroy-Medium.ttf"; sourceTree = "<group>"; };
		D1D93DAE2AF17DE8003F1CC7 /* Gilroy-Regular.ttf */ = {isa = PBXFileReference; lastKnownFileType = file; path = "Gilroy-Regular.ttf"; sourceTree = "<group>"; };
		D1D93DAF2AF17DE8003F1CC7 /* Gilroy-SemiBold.ttf */ = {isa = PBXFileReference; lastKnownFileType = file; path = "Gilroy-SemiBold.ttf"; sourceTree = "<group>"; };
		D1D93DB02AF17DE8003F1CC7 /* Gilroy-Bold.ttf */ = {isa = PBXFileReference; lastKnownFileType = file; path = "Gilroy-Bold.ttf"; sourceTree = "<group>"; };
		D1D93DB12AF17DE8003F1CC7 /* Gilroy-Thin.ttf */ = {isa = PBXFileReference; lastKnownFileType = file; path = "Gilroy-Thin.ttf"; sourceTree = "<group>"; };
		D1D93DB22AF17DE8003F1CC7 /* Gilroy-Light.ttf */ = {isa = PBXFileReference; lastKnownFileType = file; path = "Gilroy-Light.ttf"; sourceTree = "<group>"; };
		D1D93DB92AF17E00003F1CC7 /* Info.plist */ = {isa = PBXFileReference; lastKnownFileType = text.plist.xml; path = Info.plist; sourceTree = "<group>"; };
		D1D93DBA2AF1837B003F1CC7 /* Fonts.swift */ = {isa = PBXFileReference; lastKnownFileType = sourcecode.swift; path = Fonts.swift; sourceTree = "<group>"; };
		D1D93DBC2AF1898F003F1CC7 /* SeriesListView.swift */ = {isa = PBXFileReference; lastKnownFileType = sourcecode.swift; path = SeriesListView.swift; sourceTree = "<group>"; };
		D1D93DBE2AF1A1AE003F1CC7 /* SearchField.swift */ = {isa = PBXFileReference; lastKnownFileType = sourcecode.swift; path = SearchField.swift; sourceTree = "<group>"; };
/* End PBXFileReference section */

/* Begin PBXFrameworksBuildPhase section */
		D1D93D142AD47C9F003F1CC7 /* Frameworks */ = {
			isa = PBXFrameworksBuildPhase;
			buildActionMask = 2147483647;
			files = (
				D1D93D2D2AD48AD4003F1CC7 /* ComposableArchitecture in Frameworks */,
				D1D93D3D2AD55136003F1CC7 /* Alamofire in Frameworks */,
			);
			runOnlyForDeploymentPostprocessing = 0;
		};
/* End PBXFrameworksBuildPhase section */

/* Begin PBXGroup section */
		D1D93D0E2AD47C9F003F1CC7 = {
			isa = PBXGroup;
			children = (
				D1D93D192AD47C9F003F1CC7 /* GameFlow */,
				D1D93D182AD47C9F003F1CC7 /* Products */,
			);
			sourceTree = "<group>";
		};
		D1D93D182AD47C9F003F1CC7 /* Products */ = {
			isa = PBXGroup;
			children = (
				D1D93D172AD47C9F003F1CC7 /* GameFlow.app */,
			);
			name = Products;
			sourceTree = "<group>";
		};
		D1D93D192AD47C9F003F1CC7 /* GameFlow */ = {
			isa = PBXGroup;
			children = (
				D1D93DB92AF17E00003F1CC7 /* Info.plist */,
				D1D93D382AD499D2003F1CC7 /* Clients */,
				D1D93D622AD9AFFC003F1CC7 /* Helpers */,
				D1D93DAC2AF17DD2003F1CC7 /* Fonts */,
				D1D93D402AD5636D003F1CC7 /* Modules */,
				D1D93D302AD48CB3003F1CC7 /* Model */,
				D1D93D1A2AD47C9F003F1CC7 /* GameFlowApp.swift */,
				D1D93D1E2AD47CA0003F1CC7 /* Assets.xcassets */,
				D1D93D202AD47CA0003F1CC7 /* Preview Content */,
			);
			path = GameFlow;
			sourceTree = "<group>";
		};
		D1D93D202AD47CA0003F1CC7 /* Preview Content */ = {
			isa = PBXGroup;
			children = (
				D1D93D212AD47CA0003F1CC7 /* Preview Assets.xcassets */,
			);
			path = "Preview Content";
			sourceTree = "<group>";
		};
		D1D93D302AD48CB3003F1CC7 /* Model */ = {
			isa = PBXGroup;
			children = (
				D1D93D472AD6A7E6003F1CC7 /* Tournament.swift */,
				D1D93D492AD6B1C7003F1CC7 /* Serie.swift */,
				D1D93D4B2AD6B2DC003F1CC7 /* League.swift */,
				D1D93D792AE41FE6003F1CC7 /* Match.swift */,
				D1D93D7B2AE42058003F1CC7 /* Team.swift */,
				D1D93D672ADAAA7B003F1CC7 /* Images.swift */,
				D1D93D822AE421D2003F1CC7 /* Opponent.swift */,
			);
			path = Model;
			sourceTree = "<group>";
		};
		D1D93D382AD499D2003F1CC7 /* Clients */ = {
			isa = PBXGroup;
			children = (
				D1D93D392AD49C1E003F1CC7 /* APIClient.swift */,
				D1D93D3E2AD551C0003F1CC7 /* API_Key.swift */,
			);
			path = Clients;
			sourceTree = "<group>";
		};
		D1D93D402AD5636D003F1CC7 /* Modules */ = {
			isa = PBXGroup;
			children = (
				D1D93DA92AF17766003F1CC7 /* Series */,
				D1D93D5F2AD95662003F1CC7 /* Main */,
				D1D93D6B2ADB0948003F1CC7 /* DetailInfo */,
				D1D93D572AD9480E003F1CC7 /* TournamentsList */,
				D1D93D5E2AD95656003F1CC7 /* TournamentCell */,
			);
			path = Modules;
			sourceTree = "<group>";
		};
		D1D93D572AD9480E003F1CC7 /* TournamentsList */ = {
			isa = PBXGroup;
			children = (
				D1D93D552AD94523003F1CC7 /* TournamentListView.swift */,
			);
			path = TournamentsList;
			sourceTree = "<group>";
		};
		D1D93D5E2AD95656003F1CC7 /* TournamentCell */ = {
			isa = PBXGroup;
			children = (
				D1D93D5C2AD948FC003F1CC7 /* TournamentViewCell.swift */,
			);
			path = TournamentCell;
			sourceTree = "<group>";
		};
		D1D93D5F2AD95662003F1CC7 /* Main */ = {
			isa = PBXGroup;
			children = (
				D1D93D602AD95675003F1CC7 /* MainView.swift */,
				D1D93DBE2AF1A1AE003F1CC7 /* SearchField.swift */,
			);
			path = Main;
			sourceTree = "<group>";
		};
		D1D93D622AD9AFFC003F1CC7 /* Helpers */ = {
			isa = PBXGroup;
			children = (
				D1D93D692ADACE9A003F1CC7 /* ExtensionString.swift */,
				D1D93D772AE4157B003F1CC7 /* ExtensionDate.swift */,
			);
			path = Helpers;
			sourceTree = "<group>";
		};
		D1D93D6B2ADB0948003F1CC7 /* DetailInfo */ = {
			isa = PBXGroup;
			children = (
				D1D93D6C2ADB097F003F1CC7 /* DetailInfoView.swift */,
			);
			path = DetailInfo;
			sourceTree = "<group>";
		};
		D1D93DA92AF17766003F1CC7 /* Series */ = {
			isa = PBXGroup;
			children = (
				D1D93DAA2AF1777A003F1CC7 /* SerieCellView.swift */,
				D1D93DBC2AF1898F003F1CC7 /* SeriesListView.swift */,
			);
			path = Series;
			sourceTree = "<group>";
		};
		D1D93DAC2AF17DD2003F1CC7 /* Fonts */ = {
			isa = PBXGroup;
			children = (
				D1D93DB02AF17DE8003F1CC7 /* Gilroy-Bold.ttf */,
				D1D93DB22AF17DE8003F1CC7 /* Gilroy-Light.ttf */,
				D1D93DAD2AF17DE8003F1CC7 /* Gilroy-Medium.ttf */,
				D1D93DAE2AF17DE8003F1CC7 /* Gilroy-Regular.ttf */,
				D1D93DAF2AF17DE8003F1CC7 /* Gilroy-SemiBold.ttf */,
				D1D93DB12AF17DE8003F1CC7 /* Gilroy-Thin.ttf */,
				D1D93DBA2AF1837B003F1CC7 /* Fonts.swift */,
			);
			path = Fonts;
			sourceTree = "<group>";
		};
/* End PBXGroup section */

/* Begin PBXNativeTarget section */
		D1D93D162AD47C9F003F1CC7 /* GameFlow */ = {
			isa = PBXNativeTarget;
			buildConfigurationList = D1D93D252AD47CA0003F1CC7 /* Build configuration list for PBXNativeTarget "GameFlow" */;
			buildPhases = (
				D1D93D132AD47C9F003F1CC7 /* Sources */,
				D1D93D142AD47C9F003F1CC7 /* Frameworks */,
				D1D93D152AD47C9F003F1CC7 /* Resources */,
			);
			buildRules = (
			);
			dependencies = (
			);
			name = GameFlow;
			packageProductDependencies = (
				D1D93D2C2AD48AD4003F1CC7 /* ComposableArchitecture */,
				D1D93D3C2AD55136003F1CC7 /* Alamofire */,
			);
			productName = GameFlow;
			productReference = D1D93D172AD47C9F003F1CC7 /* GameFlow.app */;
			productType = "com.apple.product-type.application";
		};
/* End PBXNativeTarget section */

/* Begin PBXProject section */
		D1D93D0F2AD47C9F003F1CC7 /* Project object */ = {
			isa = PBXProject;
			attributes = {
				BuildIndependentTargetsInParallel = 1;
				LastSwiftUpdateCheck = 1500;
				LastUpgradeCheck = 1500;
				TargetAttributes = {
					D1D93D162AD47C9F003F1CC7 = {
						CreatedOnToolsVersion = 15.0;
					};
				};
			};
			buildConfigurationList = D1D93D122AD47C9F003F1CC7 /* Build configuration list for PBXProject "GameFlow" */;
			compatibilityVersion = "Xcode 14.0";
			developmentRegion = en;
			hasScannedForEncodings = 0;
			knownRegions = (
				en,
				Base,
			);
			mainGroup = D1D93D0E2AD47C9F003F1CC7;
			packageReferences = (
				D1D93D2B2AD48AD4003F1CC7 /* XCRemoteSwiftPackageReference "swift-composable-architecture" */,
				D1D93D3B2AD55136003F1CC7 /* XCRemoteSwiftPackageReference "Alamofire" */,
			);
			productRefGroup = D1D93D182AD47C9F003F1CC7 /* Products */;
			projectDirPath = "";
			projectRoot = "";
			targets = (
				D1D93D162AD47C9F003F1CC7 /* GameFlow */,
			);
		};
/* End PBXProject section */

/* Begin PBXResourcesBuildPhase section */
		D1D93D152AD47C9F003F1CC7 /* Resources */ = {
			isa = PBXResourcesBuildPhase;
			buildActionMask = 2147483647;
			files = (
				D1D93D222AD47CA0003F1CC7 /* Preview Assets.xcassets in Resources */,
				D1D93DB32AF17DE8003F1CC7 /* Gilroy-Medium.ttf in Resources */,
				D1D93D1F2AD47CA0003F1CC7 /* Assets.xcassets in Resources */,
				D1D93DB72AF17DE8003F1CC7 /* Gilroy-Thin.ttf in Resources */,
				D1D93DB62AF17DE8003F1CC7 /* Gilroy-Bold.ttf in Resources */,
				D1D93DB52AF17DE8003F1CC7 /* Gilroy-SemiBold.ttf in Resources */,
				D1D93DB42AF17DE8003F1CC7 /* Gilroy-Regular.ttf in Resources */,
				D1D93DB82AF17DE8003F1CC7 /* Gilroy-Light.ttf in Resources */,
			);
			runOnlyForDeploymentPostprocessing = 0;
		};
/* End PBXResourcesBuildPhase section */

/* Begin PBXSourcesBuildPhase section */
		D1D93D132AD47C9F003F1CC7 /* Sources */ = {
			isa = PBXSourcesBuildPhase;
			buildActionMask = 2147483647;
			files = (
				D1D93D5D2AD948FC003F1CC7 /* TournamentViewCell.swift in Sources */,
				D1D93D682ADAAA7B003F1CC7 /* Images.swift in Sources */,
				D1D93D3F2AD551C0003F1CC7 /* API_Key.swift in Sources */,
				D1D93D3A2AD49C1E003F1CC7 /* APIClient.swift in Sources */,
				D1D93D482AD6A7E6003F1CC7 /* Tournament.swift in Sources */,
				D1D93D6A2ADACE9A003F1CC7 /* ExtensionString.swift in Sources */,
				D1D93DBF2AF1A1AE003F1CC7 /* SearchField.swift in Sources */,
				D1D93DBD2AF1898F003F1CC7 /* SeriesListView.swift in Sources */,
				D1D93D4A2AD6B1C7003F1CC7 /* Serie.swift in Sources */,
				D1D93DAB2AF1777A003F1CC7 /* SerieCellView.swift in Sources */,
				D1D93D612AD95675003F1CC7 /* MainView.swift in Sources */,
				D1D93D782AE4157B003F1CC7 /* ExtensionDate.swift in Sources */,
				D1D93D6D2ADB097F003F1CC7 /* DetailInfoView.swift in Sources */,
				D1D93D832AE421D2003F1CC7 /* Opponent.swift in Sources */,
				D1D93D7A2AE41FE6003F1CC7 /* Match.swift in Sources */,
				D1D93D7C2AE42058003F1CC7 /* Team.swift in Sources */,
				D1D93D562AD94523003F1CC7 /* TournamentListView.swift in Sources */,
				D1D93D4C2AD6B2DC003F1CC7 /* League.swift in Sources */,
				D1D93DBB2AF1837B003F1CC7 /* Fonts.swift in Sources */,
				D1D93D1B2AD47C9F003F1CC7 /* GameFlowApp.swift in Sources */,
			);
			runOnlyForDeploymentPostprocessing = 0;
		};
/* End PBXSourcesBuildPhase section */

/* Begin XCBuildConfiguration section */
		D1D93D232AD47CA0003F1CC7 /* Debug */ = {
			isa = XCBuildConfiguration;
			buildSettings = {
				ALWAYS_SEARCH_USER_PATHS = NO;
				ASSETCATALOG_COMPILER_GENERATE_SWIFT_ASSET_SYMBOL_EXTENSIONS = YES;
				CLANG_ANALYZER_NONNULL = YES;
				CLANG_ANALYZER_NUMBER_OBJECT_CONVERSION = YES_AGGRESSIVE;
				CLANG_CXX_LANGUAGE_STANDARD = "gnu++20";
				CLANG_ENABLE_MODULES = YES;
				CLANG_ENABLE_OBJC_ARC = YES;
				CLANG_ENABLE_OBJC_WEAK = YES;
				CLANG_WARN_BLOCK_CAPTURE_AUTORELEASING = YES;
				CLANG_WARN_BOOL_CONVERSION = YES;
				CLANG_WARN_COMMA = YES;
				CLANG_WARN_CONSTANT_CONVERSION = YES;
				CLANG_WARN_DEPRECATED_OBJC_IMPLEMENTATIONS = YES;
				CLANG_WARN_DIRECT_OBJC_ISA_USAGE = YES_ERROR;
				CLANG_WARN_DOCUMENTATION_COMMENTS = YES;
				CLANG_WARN_EMPTY_BODY = YES;
				CLANG_WARN_ENUM_CONVERSION = YES;
				CLANG_WARN_INFINITE_RECURSION = YES;
				CLANG_WARN_INT_CONVERSION = YES;
				CLANG_WARN_NON_LITERAL_NULL_CONVERSION = YES;
				CLANG_WARN_OBJC_IMPLICIT_RETAIN_SELF = YES;
				CLANG_WARN_OBJC_LITERAL_CONVERSION = YES;
				CLANG_WARN_OBJC_ROOT_CLASS = YES_ERROR;
				CLANG_WARN_QUOTED_INCLUDE_IN_FRAMEWORK_HEADER = YES;
				CLANG_WARN_RANGE_LOOP_ANALYSIS = YES;
				CLANG_WARN_STRICT_PROTOTYPES = YES;
				CLANG_WARN_SUSPICIOUS_MOVE = YES;
				CLANG_WARN_UNGUARDED_AVAILABILITY = YES_AGGRESSIVE;
				CLANG_WARN_UNREACHABLE_CODE = YES;
				CLANG_WARN__DUPLICATE_METHOD_MATCH = YES;
				COPY_PHASE_STRIP = NO;
				DEBUG_INFORMATION_FORMAT = dwarf;
				ENABLE_STRICT_OBJC_MSGSEND = YES;
				ENABLE_TESTABILITY = YES;
				ENABLE_USER_SCRIPT_SANDBOXING = YES;
				GCC_C_LANGUAGE_STANDARD = gnu17;
				GCC_DYNAMIC_NO_PIC = NO;
				GCC_NO_COMMON_BLOCKS = YES;
				GCC_OPTIMIZATION_LEVEL = 0;
				GCC_PREPROCESSOR_DEFINITIONS = (
					"DEBUG=1",
					"$(inherited)",
				);
				GCC_WARN_64_TO_32_BIT_CONVERSION = YES;
				GCC_WARN_ABOUT_RETURN_TYPE = YES_ERROR;
				GCC_WARN_UNDECLARED_SELECTOR = YES;
				GCC_WARN_UNINITIALIZED_AUTOS = YES_AGGRESSIVE;
				GCC_WARN_UNUSED_FUNCTION = YES;
				GCC_WARN_UNUSED_VARIABLE = YES;
				IPHONEOS_DEPLOYMENT_TARGET = 17.0;
				LOCALIZATION_PREFERS_STRING_CATALOGS = YES;
				MTL_ENABLE_DEBUG_INFO = INCLUDE_SOURCE;
				MTL_FAST_MATH = YES;
				ONLY_ACTIVE_ARCH = YES;
				SDKROOT = iphoneos;
				SWIFT_ACTIVE_COMPILATION_CONDITIONS = "DEBUG $(inherited)";
				SWIFT_OPTIMIZATION_LEVEL = "-Onone";
			};
			name = Debug;
		};
		D1D93D242AD47CA0003F1CC7 /* Release */ = {
			isa = XCBuildConfiguration;
			buildSettings = {
				ALWAYS_SEARCH_USER_PATHS = NO;
				ASSETCATALOG_COMPILER_GENERATE_SWIFT_ASSET_SYMBOL_EXTENSIONS = YES;
				CLANG_ANALYZER_NONNULL = YES;
				CLANG_ANALYZER_NUMBER_OBJECT_CONVERSION = YES_AGGRESSIVE;
				CLANG_CXX_LANGUAGE_STANDARD = "gnu++20";
				CLANG_ENABLE_MODULES = YES;
				CLANG_ENABLE_OBJC_ARC = YES;
				CLANG_ENABLE_OBJC_WEAK = YES;
				CLANG_WARN_BLOCK_CAPTURE_AUTORELEASING = YES;
				CLANG_WARN_BOOL_CONVERSION = YES;
				CLANG_WARN_COMMA = YES;
				CLANG_WARN_CONSTANT_CONVERSION = YES;
				CLANG_WARN_DEPRECATED_OBJC_IMPLEMENTATIONS = YES;
				CLANG_WARN_DIRECT_OBJC_ISA_USAGE = YES_ERROR;
				CLANG_WARN_DOCUMENTATION_COMMENTS = YES;
				CLANG_WARN_EMPTY_BODY = YES;
				CLANG_WARN_ENUM_CONVERSION = YES;
				CLANG_WARN_INFINITE_RECURSION = YES;
				CLANG_WARN_INT_CONVERSION = YES;
				CLANG_WARN_NON_LITERAL_NULL_CONVERSION = YES;
				CLANG_WARN_OBJC_IMPLICIT_RETAIN_SELF = YES;
				CLANG_WARN_OBJC_LITERAL_CONVERSION = YES;
				CLANG_WARN_OBJC_ROOT_CLASS = YES_ERROR;
				CLANG_WARN_QUOTED_INCLUDE_IN_FRAMEWORK_HEADER = YES;
				CLANG_WARN_RANGE_LOOP_ANALYSIS = YES;
				CLANG_WARN_STRICT_PROTOTYPES = YES;
				CLANG_WARN_SUSPICIOUS_MOVE = YES;
				CLANG_WARN_UNGUARDED_AVAILABILITY = YES_AGGRESSIVE;
				CLANG_WARN_UNREACHABLE_CODE = YES;
				CLANG_WARN__DUPLICATE_METHOD_MATCH = YES;
				COPY_PHASE_STRIP = NO;
				DEBUG_INFORMATION_FORMAT = "dwarf-with-dsym";
				ENABLE_NS_ASSERTIONS = NO;
				ENABLE_STRICT_OBJC_MSGSEND = YES;
				ENABLE_USER_SCRIPT_SANDBOXING = YES;
				GCC_C_LANGUAGE_STANDARD = gnu17;
				GCC_NO_COMMON_BLOCKS = YES;
				GCC_WARN_64_TO_32_BIT_CONVERSION = YES;
				GCC_WARN_ABOUT_RETURN_TYPE = YES_ERROR;
				GCC_WARN_UNDECLARED_SELECTOR = YES;
				GCC_WARN_UNINITIALIZED_AUTOS = YES_AGGRESSIVE;
				GCC_WARN_UNUSED_FUNCTION = YES;
				GCC_WARN_UNUSED_VARIABLE = YES;
				IPHONEOS_DEPLOYMENT_TARGET = 17.0;
				LOCALIZATION_PREFERS_STRING_CATALOGS = YES;
				MTL_ENABLE_DEBUG_INFO = NO;
				MTL_FAST_MATH = YES;
				SDKROOT = iphoneos;
				SWIFT_COMPILATION_MODE = wholemodule;
				VALIDATE_PRODUCT = YES;
			};
			name = Release;
		};
		D1D93D262AD47CA0003F1CC7 /* Debug */ = {
			isa = XCBuildConfiguration;
			buildSettings = {
				ASSETCATALOG_COMPILER_APPICON_NAME = AppIcon;
				ASSETCATALOG_COMPILER_GLOBAL_ACCENT_COLOR_NAME = AccentColor;
				CODE_SIGN_STYLE = Automatic;
				CURRENT_PROJECT_VERSION = 1;
				DEVELOPMENT_ASSET_PATHS = "\"GameFlow/Preview Content\"";
				DEVELOPMENT_TEAM = JTJACLKKSJ;
				ENABLE_PREVIEWS = YES;
				GENERATE_INFOPLIST_FILE = YES;
				INFOPLIST_FILE = GameFlow/Info.plist;
				INFOPLIST_KEY_UIApplicationSceneManifest_Generation = YES;
				INFOPLIST_KEY_UIApplicationSupportsIndirectInputEvents = YES;
				INFOPLIST_KEY_UILaunchScreen_Generation = YES;
				INFOPLIST_KEY_UISupportedInterfaceOrientations_iPad = "UIInterfaceOrientationPortrait UIInterfaceOrientationPortraitUpsideDown UIInterfaceOrientationLandscapeLeft UIInterfaceOrientationLandscapeRight";
				INFOPLIST_KEY_UISupportedInterfaceOrientations_iPhone = "UIInterfaceOrientationPortrait UIInterfaceOrientationLandscapeLeft UIInterfaceOrientationLandscapeRight";
				LD_RUNPATH_SEARCH_PATHS = (
					"$(inherited)",
					"@executable_path/Frameworks",
				);
				MARKETING_VERSION = 1.0;
				PRODUCT_BUNDLE_IDENTIFIER = yaroslavSokolov.GameFlow;
				PRODUCT_NAME = "$(TARGET_NAME)";
				SWIFT_EMIT_LOC_STRINGS = YES;
				SWIFT_VERSION = 5.0;
				TARGETED_DEVICE_FAMILY = "1,2";
			};
			name = Debug;
		};
		D1D93D272AD47CA0003F1CC7 /* Release */ = {
			isa = XCBuildConfiguration;
			buildSettings = {
				ASSETCATALOG_COMPILER_APPICON_NAME = AppIcon;
				ASSETCATALOG_COMPILER_GLOBAL_ACCENT_COLOR_NAME = AccentColor;
				CODE_SIGN_STYLE = Automatic;
				CURRENT_PROJECT_VERSION = 1;
				DEVELOPMENT_ASSET_PATHS = "\"GameFlow/Preview Content\"";
				DEVELOPMENT_TEAM = JTJACLKKSJ;
				ENABLE_PREVIEWS = YES;
				GENERATE_INFOPLIST_FILE = YES;
				INFOPLIST_FILE = GameFlow/Info.plist;
				INFOPLIST_KEY_UIApplicationSceneManifest_Generation = YES;
				INFOPLIST_KEY_UIApplicationSupportsIndirectInputEvents = YES;
				INFOPLIST_KEY_UILaunchScreen_Generation = YES;
				INFOPLIST_KEY_UISupportedInterfaceOrientations_iPad = "UIInterfaceOrientationPortrait UIInterfaceOrientationPortraitUpsideDown UIInterfaceOrientationLandscapeLeft UIInterfaceOrientationLandscapeRight";
				INFOPLIST_KEY_UISupportedInterfaceOrientations_iPhone = "UIInterfaceOrientationPortrait UIInterfaceOrientationLandscapeLeft UIInterfaceOrientationLandscapeRight";
				LD_RUNPATH_SEARCH_PATHS = (
					"$(inherited)",
					"@executable_path/Frameworks",
				);
				MARKETING_VERSION = 1.0;
				PRODUCT_BUNDLE_IDENTIFIER = yaroslavSokolov.GameFlow;
				PRODUCT_NAME = "$(TARGET_NAME)";
				SWIFT_EMIT_LOC_STRINGS = YES;
				SWIFT_VERSION = 5.0;
				TARGETED_DEVICE_FAMILY = "1,2";
			};
			name = Release;
		};
/* End XCBuildConfiguration section */

/* Begin XCConfigurationList section */
		D1D93D122AD47C9F003F1CC7 /* Build configuration list for PBXProject "GameFlow" */ = {
			isa = XCConfigurationList;
			buildConfigurations = (
				D1D93D232AD47CA0003F1CC7 /* Debug */,
				D1D93D242AD47CA0003F1CC7 /* Release */,
			);
			defaultConfigurationIsVisible = 0;
			defaultConfigurationName = Release;
		};
		D1D93D252AD47CA0003F1CC7 /* Build configuration list for PBXNativeTarget "GameFlow" */ = {
			isa = XCConfigurationList;
			buildConfigurations = (
				D1D93D262AD47CA0003F1CC7 /* Debug */,
				D1D93D272AD47CA0003F1CC7 /* Release */,
			);
			defaultConfigurationIsVisible = 0;
			defaultConfigurationName = Release;
		};
/* End XCConfigurationList section */

/* Begin XCRemoteSwiftPackageReference section */
		D1D93D2B2AD48AD4003F1CC7 /* XCRemoteSwiftPackageReference "swift-composable-architecture" */ = {
			isa = XCRemoteSwiftPackageReference;
			repositoryURL = "https://github.com/pointfreeco/swift-composable-architecture.git";
			requirement = {
				kind = upToNextMajorVersion;
				minimumVersion = 1.2.0;
			};
		};
		D1D93D3B2AD55136003F1CC7 /* XCRemoteSwiftPackageReference "Alamofire" */ = {
			isa = XCRemoteSwiftPackageReference;
			repositoryURL = "https://github.com/Alamofire/Alamofire.git";
			requirement = {
				kind = upToNextMajorVersion;
				minimumVersion = 5.8.0;
			};
		};
/* End XCRemoteSwiftPackageReference section */

/* Begin XCSwiftPackageProductDependency section */
		D1D93D2C2AD48AD4003F1CC7 /* ComposableArchitecture */ = {
			isa = XCSwiftPackageProductDependency;
			package = D1D93D2B2AD48AD4003F1CC7 /* XCRemoteSwiftPackageReference "swift-composable-architecture" */;
			productName = ComposableArchitecture;
		};
		D1D93D3C2AD55136003F1CC7 /* Alamofire */ = {
			isa = XCSwiftPackageProductDependency;
			package = D1D93D3B2AD55136003F1CC7 /* XCRemoteSwiftPackageReference "Alamofire" */;
			productName = Alamofire;
		};
/* End XCSwiftPackageProductDependency section */
	};
	rootObject = D1D93D0F2AD47C9F003F1CC7 /* Project object */;
}
